Microsoft Visual Studio Solution File, Format Version 12.00
# Visual Studio 14
VisualStudioVersion = 14.0.25420.1
MinimumVisualStudioVersion = 10.0.40219.1
Project("{2150E333-8FDC-42A3-9474-1A3956D46DE8}") = "bugtrap", "bugtrap", "{6BE93BFF-E2B4-43F2-ADBB-F8971E43CD5A}"
EndProject
Project("{2150E333-8FDC-42A3-9474-1A3956D46DE8}") = "dedicated", "dedicated", "{3FC858CB-4888-42FF-ABC5-82DAECB59C2C}"
EndProject
Project("{2150E333-8FDC-42A3-9474-1A3956D46DE8}") = "3rd party", "3rd party", "{2BFC806B-CE92-4EA4-8FE8-5F2EA54BA348}"
EndProject
Project("{8BC9CEB8-8B4A-11D0-8D11-00A0C91BC942}") = "XR_3DA", "xr_3da\XR_3DA_VS2015.vcxproj", "{2578C6D8-660D-48AE-9322-7422F8664F06}"
EndProject
Project("{8BC9CEB8-8B4A-11D0-8D11-00A0C91BC942}") = "xrCPU_Pipe", "xr_3da\xrCPU_Pipe\xrCPU_Pipe_VS2015.vcxproj", "{CA0649DD-D089-423A-981C-46B57A884EB9}"
EndProject
Project("{8BC9CEB8-8B4A-11D0-8D11-00A0C91BC942}") = "xrGame", "xr_3da\xrGame\xrGame_VS2015.vcxproj", "{200652A6-043E-4634-8837-87983B3BD5E0}"
	ProjectSection(ProjectDependencies) = postProject
		{5535F6B4-7AE6-4B66-8AEA-CC31C14D7AB7} = {5535F6B4-7AE6-4B66-8AEA-CC31C14D7AB7}
		{57A498C9-A741-4DDF-8EFC-BFB9EB6B00E2} = {57A498C9-A741-4DDF-8EFC-BFB9EB6B00E2}
		{CA0649DD-D089-423A-981C-46B57A884EB9} = {CA0649DD-D089-423A-981C-46B57A884EB9}
		{963BA4E5-499A-454D-B002-1D5ECE0527A6} = {963BA4E5-499A-454D-B002-1D5ECE0527A6}
	EndProjectSection
EndProject
Project("{8BC9CEB8-8B4A-11D0-8D11-00A0C91BC942}") = "xrSound", "xrSound\xrSound_VS2015.vcxproj", "{CCCA7859-EB86-493E-9B53-C4235F45B3C5}"
EndProject
Project("{8BC9CEB8-8B4A-11D0-8D11-00A0C91BC942}") = "xrCore", "xrCore\xrCore_VS2015.vcxproj", "{A0F7D1FB-59A7-4717-A7E4-96F37E91998E}"
EndProject
Project("{8BC9CEB8-8B4A-11D0-8D11-00A0C91BC942}") = "xrCDB", "xrCDB\xrCDB_VS2015.vcxproj", "{A19B1DF2-82EC-4364-8BDF-85D13A1C89B5}"
EndProject
Project("{8BC9CEB8-8B4A-11D0-8D11-00A0C91BC942}") = "xrRender_R1", "xr_3da\xrRender_R1\xrRender_R1_VS2015.vcxproj", "{57A498C9-A741-4DDF-8EFC-BFB9EB6B00E2}"
	ProjectSection(ProjectDependencies) = postProject
		{CCCA7859-EB86-493E-9B53-C4235F45B3C5} = {CCCA7859-EB86-493E-9B53-C4235F45B3C5}
	EndProjectSection
EndProject
Project("{8BC9CEB8-8B4A-11D0-8D11-00A0C91BC942}") = "xrRender_R2", "xr_3da\xrRender_R2\xrRender_R2_VS2015.vcxproj", "{963BA4E5-499A-454D-B002-1D5ECE0527A6}"
EndProject
Project("{8BC9CEB8-8B4A-11D0-8D11-00A0C91BC942}") = "xrXMLParser", "xrXMLParser\xrXMLParser_VS2015.vcxproj", "{94A1C366-3D19-48E6-8170-4ADC2E70DF98}"
EndProject
Project("{8BC9CEB8-8B4A-11D0-8D11-00A0C91BC942}") = "ode", "xrODE\contrib\msvc7\ode_default\default_VS2015.vcxproj", "{1BF75FEB-87DD-486C-880B-227987D191C2}"
EndProject
Project("{8BC9CEB8-8B4A-11D0-8D11-00A0C91BC942}") = "xrParticles", "xrParticles\xrParticles_VS2015.vcxproj", "{94A1C366-3D19-48E6-8170-4ADC2E70DF97}"
EndProject
Project("{8BC9CEB8-8B4A-11D0-8D11-00A0C91BC942}") = "xrNetServer", "xrNetServer\xrNetServer_VS2015.vcxproj", "{435BAC9A-B225-457D-AB40-C9BD0CC8838C}"
EndProject
Project("{8BC9CEB8-8B4A-11D0-8D11-00A0C91BC942}") = "xrD3D9-Null", "xr_3da\xrGame\xrD3D9-Null\xrD3D9-Null_VS2015.vcxproj", "{0899B131-F1D4-4876-9BA1-67AC821DB9E1}"
EndProject
Project("{8BC9CEB8-8B4A-11D0-8D11-00A0C91BC942}") = "xrGameSpy", "xr_3da\xrGame\xrGameSpy\xrGameSpy_VS2015.vcxproj", "{5535F6B4-7AE6-4B66-8AEA-CC31C14D7AB7}"
EndProject
Project("{8BC9CEB8-8B4A-11D0-8D11-00A0C91BC942}") = "xrLua", "xrLua\xrLua_VS2015.vcxproj", "{9ACE5473-6D68-4B96-AC42-B39EABA0FE1F}"
EndProject
Project("{8BC9CEB8-8B4A-11D0-8D11-00A0C91BC942}") = "openal32", "xrOpenAL\OpenAL-Windows\Router\Router_VS2015.vcxproj", "{566551F4-4EF1-4CB4-A131-F982E7606907}"
EndProject
Project("{8BC9CEB8-8B4A-11D0-8D11-00A0C91BC942}") = "BugTrap", "BugTrap\BugTrap_VS2015.vcxproj", "{E8CF1ADA-264A-4127-86C2-FD7057D3792C}"
EndProject
Project("{8BC9CEB8-8B4A-11D0-8D11-00A0C91BC942}") = "zlib", "zlib\zlib_VS2015.vcxproj", "{CA2604CA-A2AC-49A1-A468-8AB5A2E6CBC9}"
EndProject
Project("{8BC9CEB8-8B4A-11D0-8D11-00A0C91BC942}") = "minizip", "minizip\minizip_VS2015.vcxproj", "{893279CB-0805-405F-B484-9BB728A18261}"
EndProject
Project("{8BC9CEB8-8B4A-11D0-8D11-00A0C91BC942}") = "xrShared", "xrShared\xrShared_VS2015.vcxproj", "{44676794-10EA-44AF-8328-5B0994096CC9}"
EndProject
Global
	GlobalSection(SolutionConfigurationPlatforms) = preSolution
		Debug|Win32 = Debug|Win32
		Release|Win32 = Release|Win32
		RelWithDebInfo|Win32 = RelWithDebInfo|Win32
	EndGlobalSection
	GlobalSection(ProjectConfigurationPlatforms) = postSolution
		{2578C6D8-660D-48AE-9322-7422F8664F06}.Debug|Win32.ActiveCfg = Debug|Win32
		{2578C6D8-660D-48AE-9322-7422F8664F06}.Debug|Win32.Build.0 = Debug|Win32
		{2578C6D8-660D-48AE-9322-7422F8664F06}.Release|Win32.ActiveCfg = Release|Win32
		{2578C6D8-660D-48AE-9322-7422F8664F06}.Release|Win32.Build.0 = Release|Win32
		{2578C6D8-660D-48AE-9322-7422F8664F06}.RelWithDebInfo|Win32.ActiveCfg = RelWithDebInfo|Win32
		{2578C6D8-660D-48AE-9322-7422F8664F06}.RelWithDebInfo|Win32.Build.0 = RelWithDebInfo|Win32
		{CA0649DD-D089-423A-981C-46B57A884EB9}.Debug|Win32.ActiveCfg = Debug|Win32
		{CA0649DD-D089-423A-981C-46B57A884EB9}.Debug|Win32.Build.0 = Debug|Win32
		{CA0649DD-D089-423A-981C-46B57A884EB9}.Release|Win32.ActiveCfg = Release|Win32
		{CA0649DD-D089-423A-981C-46B57A884EB9}.Release|Win32.Build.0 = Release|Win32
		{CA0649DD-D089-423A-981C-46B57A884EB9}.RelWithDebInfo|Win32.ActiveCfg = RelWithDebInfo|Win32
		{CA0649DD-D089-423A-981C-46B57A884EB9}.RelWithDebInfo|Win32.Build.0 = RelWithDebInfo|Win32
		{200652A6-043E-4634-8837-87983B3BD5E0}.Debug|Win32.ActiveCfg = Debug|Win32
		{200652A6-043E-4634-8837-87983B3BD5E0}.Debug|Win32.Build.0 = Debug|Win32
		{200652A6-043E-4634-8837-87983B3BD5E0}.Release|Win32.ActiveCfg = Release|Win32
		{200652A6-043E-4634-8837-87983B3BD5E0}.Release|Win32.Build.0 = Release|Win32
		{200652A6-043E-4634-8837-87983B3BD5E0}.RelWithDebInfo|Win32.ActiveCfg = RelWithDebInfo|Win32
		{200652A6-043E-4634-8837-87983B3BD5E0}.RelWithDebInfo|Win32.Build.0 = RelWithDebInfo|Win32
		{CCCA7859-EB86-493E-9B53-C4235F45B3C5}.Debug|Win32.ActiveCfg = Debug|Win32
		{CCCA7859-EB86-493E-9B53-C4235F45B3C5}.Debug|Win32.Build.0 = Debug|Win32
		{CCCA7859-EB86-493E-9B53-C4235F45B3C5}.Release|Win32.ActiveCfg = Release|Win32
		{CCCA7859-EB86-493E-9B53-C4235F45B3C5}.Release|Win32.Build.0 = Release|Win32
		{CCCA7859-EB86-493E-9B53-C4235F45B3C5}.RelWithDebInfo|Win32.ActiveCfg = RelWithDebInfo|Win32
		{CCCA7859-EB86-493E-9B53-C4235F45B3C5}.RelWithDebInfo|Win32.Build.0 = RelWithDebInfo|Win32
		{A0F7D1FB-59A7-4717-A7E4-96F37E91998E}.Debug|Win32.ActiveCfg = Debug|Win32
		{A0F7D1FB-59A7-4717-A7E4-96F37E91998E}.Debug|Win32.Build.0 = Debug|Win32
		{A0F7D1FB-59A7-4717-A7E4-96F37E91998E}.Release|Win32.ActiveCfg = Release|Win32
		{A0F7D1FB-59A7-4717-A7E4-96F37E91998E}.Release|Win32.Build.0 = Release|Win32
		{A0F7D1FB-59A7-4717-A7E4-96F37E91998E}.RelWithDebInfo|Win32.ActiveCfg = RelWithDebInfo|Win32
		{A0F7D1FB-59A7-4717-A7E4-96F37E91998E}.RelWithDebInfo|Win32.Build.0 = RelWithDebInfo|Win32
		{A19B1DF2-82EC-4364-8BDF-85D13A1C89B5}.Debug|Win32.ActiveCfg = Debug|Win32
		{A19B1DF2-82EC-4364-8BDF-85D13A1C89B5}.Debug|Win32.Build.0 = Debug|Win32
		{A19B1DF2-82EC-4364-8BDF-85D13A1C89B5}.Release|Win32.ActiveCfg = Release|Win32
		{A19B1DF2-82EC-4364-8BDF-85D13A1C89B5}.Release|Win32.Build.0 = Release|Win32
		{A19B1DF2-82EC-4364-8BDF-85D13A1C89B5}.RelWithDebInfo|Win32.ActiveCfg = RelWithDebInfo|Win32
		{A19B1DF2-82EC-4364-8BDF-85D13A1C89B5}.RelWithDebInfo|Win32.Build.0 = RelWithDebInfo|Win32
		{57A498C9-A741-4DDF-8EFC-BFB9EB6B00E2}.Debug|Win32.ActiveCfg = Debug|Win32
		{57A498C9-A741-4DDF-8EFC-BFB9EB6B00E2}.Debug|Win32.Build.0 = Debug|Win32
		{57A498C9-A741-4DDF-8EFC-BFB9EB6B00E2}.Release|Win32.ActiveCfg = Release|Win32
		{57A498C9-A741-4DDF-8EFC-BFB9EB6B00E2}.Release|Win32.Build.0 = Release|Win32
		{57A498C9-A741-4DDF-8EFC-BFB9EB6B00E2}.RelWithDebInfo|Win32.ActiveCfg = RelWithDebInfo|Win32
		{57A498C9-A741-4DDF-8EFC-BFB9EB6B00E2}.RelWithDebInfo|Win32.Build.0 = RelWithDebInfo|Win32
		{963BA4E5-499A-454D-B002-1D5ECE0527A6}.Debug|Win32.ActiveCfg = Debug|Win32
		{963BA4E5-499A-454D-B002-1D5ECE0527A6}.Debug|Win32.Build.0 = Debug|Win32
		{963BA4E5-499A-454D-B002-1D5ECE0527A6}.Release|Win32.ActiveCfg = Release|Win32
		{963BA4E5-499A-454D-B002-1D5ECE0527A6}.Release|Win32.Build.0 = Release|Win32
		{963BA4E5-499A-454D-B002-1D5ECE0527A6}.RelWithDebInfo|Win32.ActiveCfg = RelWithDebInfo|Win32
		{963BA4E5-499A-454D-B002-1D5ECE0527A6}.RelWithDebInfo|Win32.Build.0 = RelWithDebInfo|Win32
		{94A1C366-3D19-48E6-8170-4ADC2E70DF98}.Debug|Win32.ActiveCfg = Debug|Win32
		{94A1C366-3D19-48E6-8170-4ADC2E70DF98}.Debug|Win32.Build.0 = Debug|Win32
		{94A1C366-3D19-48E6-8170-4ADC2E70DF98}.Release|Win32.ActiveCfg = Release|Win32
		{94A1C366-3D19-48E6-8170-4ADC2E70DF98}.Release|Win32.Build.0 = Release|Win32
		{94A1C366-3D19-48E6-8170-4ADC2E70DF98}.RelWithDebInfo|Win32.ActiveCfg = RelWithDebInfo|Win32
		{94A1C366-3D19-48E6-8170-4ADC2E70DF98}.RelWithDebInfo|Win32.Build.0 = RelWithDebInfo|Win32
		{1BF75FEB-87DD-486C-880B-227987D191C2}.Debug|Win32.ActiveCfg = Debug|Win32
		{1BF75FEB-87DD-486C-880B-227987D191C2}.Debug|Win32.Build.0 = Debug|Win32
		{1BF75FEB-87DD-486C-880B-227987D191C2}.Release|Win32.ActiveCfg = Release|Win32
		{1BF75FEB-87DD-486C-880B-227987D191C2}.Release|Win32.Build.0 = Release|Win32
		{1BF75FEB-87DD-486C-880B-227987D191C2}.RelWithDebInfo|Win32.ActiveCfg = RelWithDebInfo|Win32
		{1BF75FEB-87DD-486C-880B-227987D191C2}.RelWithDebInfo|Win32.Build.0 = RelWithDebInfo|Win32
		{94A1C366-3D19-48E6-8170-4ADC2E70DF97}.Debug|Win32.ActiveCfg = Debug|Win32
		{94A1C366-3D19-48E6-8170-4ADC2E70DF97}.Debug|Win32.Build.0 = Debug|Win32
		{94A1C366-3D19-48E6-8170-4ADC2E70DF97}.Release|Win32.ActiveCfg = Release|Win32
		{94A1C366-3D19-48E6-8170-4ADC2E70DF97}.Release|Win32.Build.0 = Release|Win32
		{94A1C366-3D19-48E6-8170-4ADC2E70DF97}.RelWithDebInfo|Win32.ActiveCfg = RelWithDebInfo|Win32
		{94A1C366-3D19-48E6-8170-4ADC2E70DF97}.RelWithDebInfo|Win32.Build.0 = RelWithDebInfo|Win32
		{435BAC9A-B225-457D-AB40-C9BD0CC8838C}.Debug|Win32.ActiveCfg = Debug|Win32
		{435BAC9A-B225-457D-AB40-C9BD0CC8838C}.Debug|Win32.Build.0 = Debug|Win32
		{435BAC9A-B225-457D-AB40-C9BD0CC8838C}.Release|Win32.ActiveCfg = Release|Win32
		{435BAC9A-B225-457D-AB40-C9BD0CC8838C}.Release|Win32.Build.0 = Release|Win32
		{435BAC9A-B225-457D-AB40-C9BD0CC8838C}.RelWithDebInfo|Win32.ActiveCfg = RelWithDebInfo|Win32
		{435BAC9A-B225-457D-AB40-C9BD0CC8838C}.RelWithDebInfo|Win32.Build.0 = RelWithDebInfo|Win32
		{0899B131-F1D4-4876-9BA1-67AC821DB9E1}.Debug|Win32.ActiveCfg = Debug|Win32
		{0899B131-F1D4-4876-9BA1-67AC821DB9E1}.Debug|Win32.Build.0 = Debug|Win32
		{0899B131-F1D4-4876-9BA1-67AC821DB9E1}.Release|Win32.ActiveCfg = Release|Win32
		{0899B131-F1D4-4876-9BA1-67AC821DB9E1}.Release|Win32.Build.0 = Release|Win32
		{0899B131-F1D4-4876-9BA1-67AC821DB9E1}.RelWithDebInfo|Win32.ActiveCfg = Release|Win32
		{0899B131-F1D4-4876-9BA1-67AC821DB9E1}.RelWithDebInfo|Win32.Build.0 = Release|Win32
		{5535F6B4-7AE6-4B66-8AEA-CC31C14D7AB7}.Debug|Win32.ActiveCfg = Debug|Win32
		{5535F6B4-7AE6-4B66-8AEA-CC31C14D7AB7}.Debug|Win32.Build.0 = Debug|Win32
		{5535F6B4-7AE6-4B66-8AEA-CC31C14D7AB7}.Release|Win32.ActiveCfg = Release|Win32
		{5535F6B4-7AE6-4B66-8AEA-CC31C14D7AB7}.Release|Win32.Build.0 = Release|Win32
		{5535F6B4-7AE6-4B66-8AEA-CC31C14D7AB7}.RelWithDebInfo|Win32.ActiveCfg = RelWithDebInfo|Win32
		{5535F6B4-7AE6-4B66-8AEA-CC31C14D7AB7}.RelWithDebInfo|Win32.Build.0 = RelWithDebInfo|Win32
		{9ACE5473-6D68-4B96-AC42-B39EABA0FE1F}.Debug|Win32.ActiveCfg = Debug|Win32
		{9ACE5473-6D68-4B96-AC42-B39EABA0FE1F}.Debug|Win32.Build.0 = Debug|Win32
		{9ACE5473-6D68-4B96-AC42-B39EABA0FE1F}.Release|Win32.ActiveCfg = Release|Win32
		{9ACE5473-6D68-4B96-AC42-B39EABA0FE1F}.Release|Win32.Build.0 = Release|Win32
		{9ACE5473-6D68-4B96-AC42-B39EABA0FE1F}.RelWithDebInfo|Win32.ActiveCfg = RelWithDebInfo|Win32
		{9ACE5473-6D68-4B96-AC42-B39EABA0FE1F}.RelWithDebInfo|Win32.Build.0 = RelWithDebInfo|Win32
		{566551F4-4EF1-4CB4-A131-F982E7606907}.Debug|Win32.ActiveCfg = Debug|Win32
		{566551F4-4EF1-4CB4-A131-F982E7606907}.Debug|Win32.Build.0 = Debug|Win32
		{566551F4-4EF1-4CB4-A131-F982E7606907}.Release|Win32.ActiveCfg = Release|Win32
		{566551F4-4EF1-4CB4-A131-F982E7606907}.Release|Win32.Build.0 = Release|Win32
		{566551F4-4EF1-4CB4-A131-F982E7606907}.RelWithDebInfo|Win32.ActiveCfg = RelWithDebInfo|Win32
		{566551F4-4EF1-4CB4-A131-F982E7606907}.RelWithDebInfo|Win32.Build.0 = RelWithDebInfo|Win32
		{E8CF1ADA-264A-4127-86C2-FD7057D3792C}.Debug|Win32.ActiveCfg = Debug|Win32
		{E8CF1ADA-264A-4127-86C2-FD7057D3792C}.Debug|Win32.Build.0 = Debug|Win32
		{E8CF1ADA-264A-4127-86C2-FD7057D3792C}.Release|Win32.ActiveCfg = Release|Win32
		{E8CF1ADA-264A-4127-86C2-FD7057D3792C}.Release|Win32.Build.0 = Release|Win32
		{E8CF1ADA-264A-4127-86C2-FD7057D3792C}.RelWithDebInfo|Win32.ActiveCfg = RelWithDebInfo|Win32
		{E8CF1ADA-264A-4127-86C2-FD7057D3792C}.RelWithDebInfo|Win32.Build.0 = RelWithDebInfo|Win32
		{CA2604CA-A2AC-49A1-A468-8AB5A2E6CBC9}.Debug|Win32.ActiveCfg = Debug|Win32
		{CA2604CA-A2AC-49A1-A468-8AB5A2E6CBC9}.Debug|Win32.Build.0 = Debug|Win32
		{CA2604CA-A2AC-49A1-A468-8AB5A2E6CBC9}.Release|Win32.ActiveCfg = Release|Win32
		{CA2604CA-A2AC-49A1-A468-8AB5A2E6CBC9}.Release|Win32.Build.0 = Release|Win32
		{CA2604CA-A2AC-49A1-A468-8AB5A2E6CBC9}.RelWithDebInfo|Win32.ActiveCfg = RelWithDebInfo|Win32
		{CA2604CA-A2AC-49A1-A468-8AB5A2E6CBC9}.RelWithDebInfo|Win32.Build.0 = RelWithDebInfo|Win32
		{893279CB-0805-405F-B484-9BB728A18261}.Debug|Win32.ActiveCfg = Debug|Win32
		{893279CB-0805-405F-B484-9BB728A18261}.Debug|Win32.Build.0 = Debug|Win32
		{893279CB-0805-405F-B484-9BB728A18261}.Release|Win32.ActiveCfg = Release|Win32
		{893279CB-0805-405F-B484-9BB728A18261}.Release|Win32.Build.0 = Release|Win32
		{893279CB-0805-405F-B484-9BB728A18261}.RelWithDebInfo|Win32.ActiveCfg = RelWithDebInfo|Win32
		{893279CB-0805-405F-B484-9BB728A18261}.RelWithDebInfo|Win32.Build.0 = RelWithDebInfo|Win32
		{44676794-10EA-44AF-8328-5B0994096CC9}.Debug|Win32.ActiveCfg = Debug|Win32
		{44676794-10EA-44AF-8328-5B0994096CC9}.Debug|Win32.Build.0 = Debug|Win32
		{44676794-10EA-44AF-8328-5B0994096CC9}.Release|Win32.ActiveCfg = Release|Win32
		{44676794-10EA-44AF-8328-5B0994096CC9}.Release|Win32.Build.0 = Release|Win32
		{44676794-10EA-44AF-8328-5B0994096CC9}.RelWithDebInfo|Win32.ActiveCfg = RelWithDebInfo|Win32
		{44676794-10EA-44AF-8328-5B0994096CC9}.RelWithDebInfo|Win32.Build.0 = RelWithDebInfo|Win32
	EndGlobalSection
	GlobalSection(SolutionProperties) = preSolution
		HideSolutionNode = FALSE
	EndGlobalSection
	GlobalSection(NestedProjects) = preSolution
		{6BE93BFF-E2B4-43F2-ADBB-F8971E43CD5A} = {2BFC806B-CE92-4EA4-8FE8-5F2EA54BA348}
		{1BF75FEB-87DD-486C-880B-227987D191C2} = {2BFC806B-CE92-4EA4-8FE8-5F2EA54BA348}
		{0899B131-F1D4-4876-9BA1-67AC821DB9E1} = {3FC858CB-4888-42FF-ABC5-82DAECB59C2C}
		{566551F4-4EF1-4CB4-A131-F982E7606907} = {2BFC806B-CE92-4EA4-8FE8-5F2EA54BA348}
		{E8CF1ADA-264A-4127-86C2-FD7057D3792C} = {6BE93BFF-E2B4-43F2-ADBB-F8971E43CD5A}
		{CA2604CA-A2AC-49A1-A468-8AB5A2E6CBC9} = {6BE93BFF-E2B4-43F2-ADBB-F8971E43CD5A}
		{893279CB-0805-405F-B484-9BB728A18261} = {6BE93BFF-E2B4-43F2-ADBB-F8971E43CD5A}
	EndGlobalSection
	GlobalSection(DPCodeReviewSolutionGUID) = preSolution
		DPCodeReviewSolutionGUID = {00000000-0000-0000-0000-000000000000}
	EndGlobalSection
EndGlobal
