<?xml version="1.0" encoding="utf-8"?>
<Project ToolsVersion="4.0" xmlns="http://schemas.microsoft.com/developer/msbuild/2003">
  <ItemGroup>
    <Filter Include="Core">
      <UniqueIdentifier>{ee9a2b8d-8944-4346-86ab-20d2247c0aa2}</UniqueIdentifier>
    </Filter>
    <Filter Include="Common">
      <UniqueIdentifier>{dc96dce7-0c66-4fcf-b8c4-bd07d0ff1bd0}</UniqueIdentifier>
    </Filter>
    <Filter Include="Common\AComponents">
      <UniqueIdentifier>{af498104-6b51-4dcd-82b1-dd18e1789050}</UniqueIdentifier>
    </Filter>
    <Filter Include="Common\AComponents\SpaceRestrictionManager">
      <UniqueIdentifier>{8cedc8be-5d9a-47eb-a123-04b95669d169}</UniqueIdentifier>
    </Filter>
    <Filter Include="Common\ASound">
      <UniqueIdentifier>{8c41ceea-ff6f-4b55-b64c-ce6173f7e0ab}</UniqueIdentifier>
    </Filter>
    <Filter Include="Common\ASpace">
      <UniqueIdentifier>{b9b4a352-1a45-42e1-96a1-5b0115f287c0}</UniqueIdentifier>
    </Filter>
    <Filter Include="Common\ObjectBroker">
      <UniqueIdentifier>{72c31a0a-a55e-4593-817f-02f6e1a6bfa1}</UniqueIdentifier>
    </Filter>
    <Filter Include="Common\ObjectFactory">
      <UniqueIdentifier>{59d505c0-f465-44b1-b71c-a4a996042e1e}</UniqueIdentifier>
    </Filter>
    <Filter Include="Common\ObjectFactory\object_item_abstract">
      <UniqueIdentifier>{8ff61774-3cc8-454c-a413-23e8b048202b}</UniqueIdentifier>
    </Filter>
    <Filter Include="Common\ObjectFactory\object_item_client_server">
      <UniqueIdentifier>{472a08d9-1fdf-42bf-9967-394e527ef325}</UniqueIdentifier>
    </Filter>
    <Filter Include="Common\ObjectFactory\object_item_script">
      <UniqueIdentifier>{d5f9a4f3-05d5-4c20-8139-d8dd7eb7686a}</UniqueIdentifier>
    </Filter>
    <Filter Include="Common\ObjectFactory\object_item_single">
      <UniqueIdentifier>{6e856ae0-17c2-4074-8311-43f611acfe50}</UniqueIdentifier>
    </Filter>
    <Filter Include="Common\SmartCast">
      <UniqueIdentifier>{ac15d2d2-258b-460b-bb52-74e6d7d0f4cc}</UniqueIdentifier>
    </Filter>
    <Filter Include="Common\associative_vector">
      <UniqueIdentifier>{65ce6756-f8a6-4070-bcc5-eee899454c79}</UniqueIdentifier>
    </Filter>
    <Filter Include="Scripts">
      <UniqueIdentifier>{43f41caf-ddc8-4626-be03-7eb9efbdd2a1}</UniqueIdentifier>
    </Filter>
    <Filter Include="Scripts\ScriptClasses">
      <UniqueIdentifier>{86a18cb8-ef3c-4607-8a91-f98c11747112}</UniqueIdentifier>
    </Filter>
    <Filter Include="Scripts\ScriptClasses\ScriptFmatrix">
      <UniqueIdentifier>{ccd2248f-71d9-4b85-845f-2481bb2cd3ac}</UniqueIdentifier>
    </Filter>
    <Filter Include="Scripts\ScriptClasses\ScriptFvector">
      <UniqueIdentifier>{c87e27a0-652e-4f4a-9a9b-913bb92ab53f}</UniqueIdentifier>
    </Filter>
    <Filter Include="Scripts\ScriptClasses\ScriptIniFile">
      <UniqueIdentifier>{043d6602-1db9-44f5-8bce-c1243bcee7d9}</UniqueIdentifier>
    </Filter>
    <Filter Include="Scripts\ScriptClasses\ScriptIniFile\ScriptTokenList">
      <UniqueIdentifier>{b38d68d4-e50e-4fb9-8bba-d8700306be98}</UniqueIdentifier>
    </Filter>
    <Filter Include="Scripts\ScriptClasses\ScriptIniFile\ScriptRTokenList">
      <UniqueIdentifier>{82b4876a-a889-45f2-a04d-21ada8cb48f6}</UniqueIdentifier>
    </Filter>
    <Filter Include="Scripts\ScriptClasses\ScriptNetPacket">
      <UniqueIdentifier>{53ead30f-64f9-4d5c-9b2a-6ce55a686a87}</UniqueIdentifier>
    </Filter>
    <Filter Include="Scripts\ScriptClasses\ScriptSoundType">
      <UniqueIdentifier>{4be73ce5-26c8-4497-b4cf-d7ceb0163292}</UniqueIdentifier>
    </Filter>
    <Filter Include="Scripts\ScriptClasses\ScriptFlags">
      <UniqueIdentifier>{3c492098-6968-4a85-a8a8-d46e52461481}</UniqueIdentifier>
    </Filter>
    <Filter Include="Scripts\ScriptClasses\ScriptReader">
      <UniqueIdentifier>{3bc49ba5-4648-4dbe-b0f3-dedfe7d6069b}</UniqueIdentifier>
    </Filter>
    <Filter Include="Scripts\ScriptEngine">
      <UniqueIdentifier>{d8c81a7d-36d1-4c6e-ace7-4504ad4fcc7f}</UniqueIdentifier>
    </Filter>
    <Filter Include="Scripts\ScriptStorage">
      <UniqueIdentifier>{159a5f6e-f719-4262-a4da-e4e5bd12367b}</UniqueIdentifier>
    </Filter>
    <Filter Include="Scripts\ScriptProcess">
      <UniqueIdentifier>{df023ee9-f417-4898-9274-ba60bed3d168}</UniqueIdentifier>
    </Filter>
    <Filter Include="Scripts\ScriptThread">
      <UniqueIdentifier>{0e398fd8-1860-40fe-88a0-75e1504d5aa4}</UniqueIdentifier>
    </Filter>
    <Filter Include="Scripts\ScriptThread\ScriptStackTracker">
      <UniqueIdentifier>{c7658609-cfd8-412d-9770-ed629080b501}</UniqueIdentifier>
    </Filter>
    <Filter Include="Scripts\ScriptDebugger">
      <UniqueIdentifier>{69f7f3fa-7c71-4d1f-a5db-1c8dc020edba}</UniqueIdentifier>
    </Filter>
    <Filter Include="Scripts\memory_manager">
      <UniqueIdentifier>{e3d3ab42-9720-493c-b7fa-190af67c303d}</UniqueIdentifier>
    </Filter>
    <Filter Include="ServerStuff">
      <UniqueIdentifier>{fc899232-e9ba-4bc3-8776-dbece96e098b}</UniqueIdentifier>
    </Filter>
    <Filter Include="ServerStuff\Common">
      <UniqueIdentifier>{d9a6c3f0-141b-4dfb-9594-705218275bd2}</UniqueIdentifier>
    </Filter>
    <Filter Include="ServerStuff\Common\ALifeStuff">
      <UniqueIdentifier>{14b8e031-771a-4e78-83ff-834772765421}</UniqueIdentifier>
    </Filter>
    <Filter Include="ServerStuff\Common\ALifeStuff\artefact_order">
      <UniqueIdentifier>{52496d2e-58bb-4d2a-97d2-26f1e5ff841e}</UniqueIdentifier>
    </Filter>
    <Filter Include="ServerStuff\Common\ALifeStuff\human_brain">
      <UniqueIdentifier>{c58dff76-fe27-40e3-bcbd-3c400fb5026e}</UniqueIdentifier>
    </Filter>
    <Filter Include="ServerStuff\Common\ALifeStuff\monster_brain">
      <UniqueIdentifier>{2d3d9a72-47a9-402b-90f7-dd05b0515312}</UniqueIdentifier>
    </Filter>
    <Filter Include="ServerStuff\Common\GameStuff">
      <UniqueIdentifier>{59e3ad61-b5b7-4211-bc09-23ebba756564}</UniqueIdentifier>
    </Filter>
    <Filter Include="ServerStuff\Common\NetworkStuff">
      <UniqueIdentifier>{c6c72f1d-31ec-4af4-93ea-dfd49665e36d}</UniqueIdentifier>
    </Filter>
    <Filter Include="ServerStuff\Common\PhysicsStuff">
      <UniqueIdentifier>{74f27571-36b6-4948-830b-a92f2df5ec5e}</UniqueIdentifier>
    </Filter>
    <Filter Include="ServerStuff\Common\ServerStuff">
      <UniqueIdentifier>{08c075b1-b744-4e80-82fd-f0e1844750a7}</UniqueIdentifier>
    </Filter>
    <Filter Include="ServerStuff\ServerFactory">
      <UniqueIdentifier>{da38dccc-a35b-43a2-b4b4-36e6fbbc2207}</UniqueIdentifier>
    </Filter>
    <Filter Include="ServerStuff\ServerEntities">
      <UniqueIdentifier>{f4efc4ba-027d-40b7-8e24-511a8d28c159}</UniqueIdentifier>
    </Filter>
    <Filter Include="ServerStuff\ServerEntities\objects">
      <UniqueIdentifier>{c2356b89-8270-4d25-9a43-b7b692e8a7fd}</UniqueIdentifier>
    </Filter>
    <Filter Include="ServerStuff\ServerEntities\objects_alife">
      <UniqueIdentifier>{e1c4a329-161a-436f-99eb-02e59347e53c}</UniqueIdentifier>
    </Filter>
    <Filter Include="ServerStuff\ServerEntities\objects_alife_items">
      <UniqueIdentifier>{b8adc6d1-166d-4409-bdea-b11a5fe5ebc2}</UniqueIdentifier>
    </Filter>
    <Filter Include="ServerStuff\ServerEntities\objects_alife_monsters">
      <UniqueIdentifier>{87a97de6-c8bd-4d45-bfec-6d4825b3269f}</UniqueIdentifier>
    </Filter>
    <Filter Include="ServerStuff\ServerEntities\editor_properties">
      <UniqueIdentifier>{7044a294-8a4c-40b4-8a6c-8154fe6128fb}</UniqueIdentifier>
    </Filter>
    <Filter Include="ServerStuff\ServerEntities\scripts">
      <UniqueIdentifier>{452a00b7-bf1e-4c21-8736-2c650d3600f7}</UniqueIdentifier>
    </Filter>
    <Filter Include="ServerStuff\ServerEntities\scripts\script_value">
      <UniqueIdentifier>{f1e19959-b341-4e19-bfcc-7133b7648e55}</UniqueIdentifier>
    </Filter>
    <Filter Include="ServerStuff\ServerEntities\scripts\script_value_wrapper">
      <UniqueIdentifier>{1b513f4f-7426-432f-9f66-2757bd1ca8bc}</UniqueIdentifier>
    </Filter>
    <Filter Include="ServerStuff\ServerEntities\scripts\script_value_container">
      <UniqueIdentifier>{42d899a3-44fe-4e05-b5ab-eb6884a458ed}</UniqueIdentifier>
    </Filter>
    <Filter Include="ServerStuff\ServerEntities\scripts\script_properties_list_helper">
      <UniqueIdentifier>{e6429270-ba0a-464f-9183-2b41f79c8861}</UniqueIdentifier>
    </Filter>
  </ItemGroup>
  <ItemGroup>
    <ClInclude Include="DrawUtils.h">
      <Filter>Core</Filter>
    </ClInclude>
    <ClInclude Include="stdafx.h">
      <Filter>Core</Filter>
    </ClInclude>
    <ClInclude Include="xr_LuaAllocator.h">
      <Filter>Core</Filter>
    </ClInclude>
    <ClInclude Include="xrSE_Factory.h">
      <Filter>Core</Filter>
    </ClInclude>
    <ClInclude Include="xrSE_Factory_import_export.h">
      <Filter>Core</Filter>
    </ClInclude>
    <ClInclude Include="defines.h">
      <Filter>Common</Filter>
    </ClInclude>
    <ClInclude Include="FastDelegate.h">
      <Filter>Common</Filter>
    </ClInclude>
    <ClInclude Include="xrLevel.h">
      <Filter>Common</Filter>
    </ClInclude>
    <ClInclude Include="restriction_space.h">
      <Filter>Common\AComponents\SpaceRestrictionManager</Filter>
    </ClInclude>
    <ClInclude Include="ai_sounds.h">
      <Filter>Common\ASound</Filter>
    </ClInclude>
    <ClInclude Include="ai_space.h">
      <Filter>Common\ASpace</Filter>
    </ClInclude>
    <ClInclude Include="ai_space_inline.h">
      <Filter>Common\ASpace</Filter>
    </ClInclude>
    <ClInclude Include="object_broker.h">
      <Filter>Common\ObjectBroker</Filter>
    </ClInclude>
    <ClInclude Include="object_cloner.h">
      <Filter>Common\ObjectBroker</Filter>
    </ClInclude>
    <ClInclude Include="object_comparer.h">
      <Filter>Common\ObjectBroker</Filter>
    </ClInclude>
    <ClInclude Include="object_destroyer.h">
      <Filter>Common\ObjectBroker</Filter>
    </ClInclude>
    <ClInclude Include="object_interfaces.h">
      <Filter>Common\ObjectBroker</Filter>
    </ClInclude>
    <ClInclude Include="object_loader.h">
      <Filter>Common\ObjectBroker</Filter>
    </ClInclude>
    <ClInclude Include="object_saver.h">
      <Filter>Common\ObjectBroker</Filter>
    </ClInclude>
    <ClInclude Include="object_type_traits.h">
      <Filter>Common\ObjectBroker</Filter>
    </ClInclude>
    <ClInclude Include="clsid_game.h">
      <Filter>Common\ObjectFactory</Filter>
    </ClInclude>
    <ClInclude Include="object_factory.h">
      <Filter>Common\ObjectFactory</Filter>
    </ClInclude>
    <ClInclude Include="object_factory_impl.h">
      <Filter>Common\ObjectFactory</Filter>
    </ClInclude>
    <ClInclude Include="object_factory_inline.h">
      <Filter>Common\ObjectFactory</Filter>
    </ClInclude>
    <ClInclude Include="object_factory_space.h">
      <Filter>Common\ObjectFactory</Filter>
    </ClInclude>
    <ClInclude Include="object_item_abstract.h">
      <Filter>Common\ObjectFactory\object_item_abstract</Filter>
    </ClInclude>
    <ClInclude Include="object_item_abstract_inline.h">
      <Filter>Common\ObjectFactory\object_item_abstract</Filter>
    </ClInclude>
    <ClInclude Include="object_item_client_server.h">
      <Filter>Common\ObjectFactory\object_item_client_server</Filter>
    </ClInclude>
    <ClInclude Include="object_item_client_server_inline.h">
      <Filter>Common\ObjectFactory\object_item_client_server</Filter>
    </ClInclude>
    <ClInclude Include="object_item_script.h">
      <Filter>Common\ObjectFactory\object_item_script</Filter>
    </ClInclude>
    <ClInclude Include="object_item_script_inline.h">
      <Filter>Common\ObjectFactory\object_item_script</Filter>
    </ClInclude>
    <ClInclude Include="object_item_single.h">
      <Filter>Common\ObjectFactory\object_item_single</Filter>
    </ClInclude>
    <ClInclude Include="object_item_single_inline.h">
      <Filter>Common\ObjectFactory\object_item_single</Filter>
    </ClInclude>
    <ClInclude Include="smart_cast.h">
      <Filter>Common\SmartCast</Filter>
    </ClInclude>
    <ClInclude Include="smart_cast_impl0.h">
      <Filter>Common\SmartCast</Filter>
    </ClInclude>
    <ClInclude Include="smart_cast_impl1.h">
      <Filter>Common\SmartCast</Filter>
    </ClInclude>
    <ClInclude Include="smart_cast_impl2.h">
      <Filter>Common\SmartCast</Filter>
    </ClInclude>
    <ClInclude Include="associative_vector.h">
      <Filter>Common\associative_vector</Filter>
    </ClInclude>
    <ClInclude Include="associative_vector_compare_predicate.h">
      <Filter>Common\associative_vector</Filter>
    </ClInclude>
    <ClInclude Include="associative_vector_compare_predicate_inline.h">
      <Filter>Common\associative_vector</Filter>
    </ClInclude>
    <ClInclude Include="associative_vector_inline.h">
      <Filter>Common\associative_vector</Filter>
    </ClInclude>
    <ClInclude Include="script_export_macroses.h">
      <Filter>Scripts</Filter>
    </ClInclude>
    <ClInclude Include="script_export_space.h">
      <Filter>Scripts</Filter>
    </ClInclude>
    <ClInclude Include="script_space.h">
      <Filter>Scripts</Filter>
    </ClInclude>
    <ClInclude Include="script_space_forward.h">
      <Filter>Scripts</Filter>
    </ClInclude>
    <ClInclude Include="script_fmatrix.h">
      <Filter>Scripts\ScriptClasses\ScriptFmatrix</Filter>
    </ClInclude>
    <ClInclude Include="script_fcolor.h">
      <Filter>Scripts\ScriptClasses\ScriptFvector</Filter>
    </ClInclude>
    <ClInclude Include="script_fvector.h">
      <Filter>Scripts\ScriptClasses\ScriptFvector</Filter>
    </ClInclude>
    <ClInclude Include="script_ini_file.h">
      <Filter>Scripts\ScriptClasses\ScriptIniFile</Filter>
    </ClInclude>
    <ClInclude Include="script_ini_file_inline.h">
      <Filter>Scripts\ScriptClasses\ScriptIniFile</Filter>
    </ClInclude>
    <ClInclude Include="script_token_list.h">
      <Filter>Scripts\ScriptClasses\ScriptIniFile\ScriptTokenList</Filter>
    </ClInclude>
    <ClInclude Include="script_token_list_inline.h">
      <Filter>Scripts\ScriptClasses\ScriptIniFile\ScriptTokenList</Filter>
    </ClInclude>
    <ClInclude Include="script_rtoken_list.h">
      <Filter>Scripts\ScriptClasses\ScriptIniFile\ScriptRTokenList</Filter>
    </ClInclude>
    <ClInclude Include="script_rtoken_list_inline.h">
      <Filter>Scripts\ScriptClasses\ScriptIniFile\ScriptRTokenList</Filter>
    </ClInclude>
    <ClInclude Include="script_net_packet.h">
      <Filter>Scripts\ScriptClasses\ScriptNetPacket</Filter>
    </ClInclude>
    <ClInclude Include="script_sound_type.h">
      <Filter>Scripts\ScriptClasses\ScriptSoundType</Filter>
    </ClInclude>
    <ClInclude Include="script_flags.h">
      <Filter>Scripts\ScriptClasses\ScriptFlags</Filter>
    </ClInclude>
    <ClInclude Include="script_reader.h">
      <Filter>Scripts\ScriptClasses\ScriptReader</Filter>
    </ClInclude>
    <ClInclude Include="script_engine.h">
      <Filter>Scripts\ScriptEngine</Filter>
    </ClInclude>
    <ClInclude Include="script_engine_export.h">
      <Filter>Scripts\ScriptEngine</Filter>
    </ClInclude>
    <ClInclude Include="script_engine_inline.h">
      <Filter>Scripts\ScriptEngine</Filter>
    </ClInclude>
    <ClInclude Include="script_engine_space.h">
      <Filter>Scripts\ScriptEngine</Filter>
    </ClInclude>
    <ClInclude Include="script_storage.h">
      <Filter>Scripts\ScriptStorage</Filter>
    </ClInclude>
    <ClInclude Include="script_storage_inline.h">
      <Filter>Scripts\ScriptStorage</Filter>
    </ClInclude>
    <ClInclude Include="script_storage_space.h">
      <Filter>Scripts\ScriptStorage</Filter>
    </ClInclude>
    <ClInclude Include="script_process.h">
      <Filter>Scripts\ScriptProcess</Filter>
    </ClInclude>
    <ClInclude Include="script_process_inline.h">
      <Filter>Scripts\ScriptProcess</Filter>
    </ClInclude>
    <ClInclude Include="script_thread.h">
      <Filter>Scripts\ScriptThread</Filter>
    </ClInclude>
    <ClInclude Include="script_thread_inline.h">
      <Filter>Scripts\ScriptThread</Filter>
    </ClInclude>
    <ClInclude Include="script_stack_tracker.h">
      <Filter>Scripts\ScriptThread\ScriptStackTracker</Filter>
    </ClInclude>
    <ClInclude Include="script_stack_tracker_inline.h">
      <Filter>Scripts\ScriptThread\ScriptStackTracker</Filter>
    </ClInclude>
    <ClInclude Include="mslotutils.h">
      <Filter>Scripts\ScriptDebugger</Filter>
    </ClInclude>
    <ClInclude Include="script_callStack.h">
      <Filter>Scripts\ScriptDebugger</Filter>
    </ClInclude>
    <ClInclude Include="script_debugger.h">
      <Filter>Scripts\ScriptDebugger</Filter>
    </ClInclude>
    <ClInclude Include="script_debugger_messages.h">
      <Filter>Scripts\ScriptDebugger</Filter>
    </ClInclude>
    <ClInclude Include="script_debugger_threads.h">
      <Filter>Scripts\ScriptDebugger</Filter>
    </ClInclude>
    <ClInclude Include="script_debugger_utils.h">
      <Filter>Scripts\ScriptDebugger</Filter>
    </ClInclude>
    <ClInclude Include="script_file.h">
      <Filter>Scripts\ScriptDebugger</Filter>
    </ClInclude>
    <ClInclude Include="script_lua_helper.h">
      <Filter>Scripts\ScriptDebugger</Filter>
    </ClInclude>
    <ClInclude Include="doug_lea_memory_allocator.h">
      <Filter>Scripts\memory_manager</Filter>
    </ClInclude>
    <ClInclude Include="alife_space.h">
      <Filter>ServerStuff\Common\ALifeStuff</Filter>
    </ClInclude>
    <ClInclude Include="game_graph_space.h">
      <Filter>ServerStuff\Common\ALifeStuff</Filter>
    </ClInclude>
    <ClInclude Include="alife_artefact_order.h">
      <Filter>ServerStuff\Common\ALifeStuff\artefact_order</Filter>
    </ClInclude>
    <ClInclude Include="alife_human_brain.h">
      <Filter>ServerStuff\Common\ALifeStuff\human_brain</Filter>
    </ClInclude>
    <ClInclude Include="alife_human_brain_inline.h">
      <Filter>ServerStuff\Common\ALifeStuff\human_brain</Filter>
    </ClInclude>
    <ClInclude Include="alife_monster_brain.h">
      <Filter>ServerStuff\Common\ALifeStuff\monster_brain</Filter>
    </ClInclude>
    <ClInclude Include="alife_monster_brain_inline.h">
      <Filter>ServerStuff\Common\ALifeStuff\monster_brain</Filter>
    </ClInclude>
    <ClInclude Include="bone.h">
      <Filter>ServerStuff\Common\GameStuff</Filter>
    </ClInclude>
    <ClInclude Include="game_base_space.h">
      <Filter>ServerStuff\Common\GameStuff</Filter>
    </ClInclude>
    <ClInclude Include="inventory_space.h">
      <Filter>ServerStuff\Common\GameStuff</Filter>
    </ClInclude>
    <ClInclude Include="client_id.h">
      <Filter>ServerStuff\Common\NetworkStuff</Filter>
    </ClInclude>
    <ClInclude Include="NET_Compressor.h">
      <Filter>ServerStuff\Common\NetworkStuff</Filter>
    </ClInclude>
    <ClInclude Include="NET_utils.h">
      <Filter>ServerStuff\Common\NetworkStuff</Filter>
    </ClInclude>
    <ClInclude Include="PHNetState.h">
      <Filter>ServerStuff\Common\PhysicsStuff</Filter>
    </ClInclude>
    <ClInclude Include="PHSynchronize.h">
      <Filter>ServerStuff\Common\PhysicsStuff</Filter>
    </ClInclude>
    <ClInclude Include="character_info.h">
      <Filter>ServerStuff\Common\ServerStuff</Filter>
    </ClInclude>
    <ClInclude Include="character_info_defs.h">
      <Filter>ServerStuff\Common\ServerStuff</Filter>
    </ClInclude>
    <ClInclude Include="shared_data.h">
      <Filter>ServerStuff\Common\ServerStuff</Filter>
    </ClInclude>
    <ClInclude Include="specific_character.h">
      <Filter>ServerStuff\Common\ServerStuff</Filter>
    </ClInclude>
    <ClInclude Include="xml_str_id_loader.h">
      <Filter>ServerStuff\Common\ServerStuff</Filter>
    </ClInclude>
    <ClInclude Include="xrMessages.h">
      <Filter>ServerStuff\Common\ServerStuff</Filter>
    </ClInclude>
    <ClInclude Include="xrServer_Space.h">
      <Filter>ServerStuff\Common\ServerStuff</Filter>
    </ClInclude>
    <ClInclude Include="xrUIXmlParser.h">
      <Filter>ServerStuff\Common\ServerStuff</Filter>
    </ClInclude>
    <ClInclude Include="InfoPortionDefs.h">
      <Filter>ServerStuff\ServerEntities</Filter>
    </ClInclude>
    <ClInclude Include="ShapeData.h">
      <Filter>ServerStuff\ServerEntities</Filter>
    </ClInclude>
    <ClInclude Include="xrServer_Objects_Abstract.h">
      <Filter>ServerStuff\ServerEntities</Filter>
    </ClInclude>
    <ClInclude Include="xrServer_Objects_ALife_All.h">
      <Filter>ServerStuff\ServerEntities</Filter>
    </ClInclude>
    <ClInclude Include="xrServer_script_macroses.h">
      <Filter>ServerStuff\ServerEntities</Filter>
    </ClInclude>
    <ClInclude Include="xrServer_Object_Base.h">
      <Filter>ServerStuff\ServerEntities\objects</Filter>
    </ClInclude>
    <ClInclude Include="xrServer_Objects.h">
      <Filter>ServerStuff\ServerEntities\objects</Filter>
    </ClInclude>
    <ClInclude Include="xrServer_Objects_ALife.h">
      <Filter>ServerStuff\ServerEntities\objects_alife</Filter>
    </ClInclude>
    <ClInclude Include="xrServer_Objects_ALife_Items.h">
      <Filter>ServerStuff\ServerEntities\objects_alife_items</Filter>
    </ClInclude>
    <ClInclude Include="xrServer_Objects_ALife_Monsters.h">
      <Filter>ServerStuff\ServerEntities\objects_alife_monsters</Filter>
    </ClInclude>
    <ClInclude Include="ChooseTypes.h">
      <Filter>ServerStuff\ServerEntities\editor_properties</Filter>
    </ClInclude>
    <ClInclude Include="ItemListTypes.h">
      <Filter>ServerStuff\ServerEntities\editor_properties</Filter>
    </ClInclude>
    <ClInclude Include="PropertiesListTypes.h">
      <Filter>ServerStuff\ServerEntities\editor_properties</Filter>
    </ClInclude>
    <ClInclude Include="Sound.h">
      <Filter>ServerStuff\ServerEntities\editor_properties</Filter>
    </ClInclude>
    <ClInclude Include="WaveForm.h">
      <Filter>ServerStuff\ServerEntities\editor_properties</Filter>
    </ClInclude>
    <ClInclude Include="xrCDB.h">
      <Filter>ServerStuff\ServerEntities\editor_properties</Filter>
    </ClInclude>
    <ClInclude Include="xrEProps.h">
      <Filter>ServerStuff\ServerEntities\editor_properties</Filter>
    </ClInclude>
    <ClInclude Include="script_value.h">
      <Filter>ServerStuff\ServerEntities\scripts\script_value</Filter>
    </ClInclude>
    <ClInclude Include="script_value_inline.h">
      <Filter>ServerStuff\ServerEntities\scripts\script_value</Filter>
    </ClInclude>
    <ClInclude Include="script_value_wrapper.h">
      <Filter>ServerStuff\ServerEntities\scripts\script_value_wrapper</Filter>
    </ClInclude>
    <ClInclude Include="script_value_wrapper_inline.h">
      <Filter>ServerStuff\ServerEntities\scripts\script_value_wrapper</Filter>
    </ClInclude>
    <ClInclude Include="script_value_container.h">
      <Filter>ServerStuff\ServerEntities\scripts\script_value_container</Filter>
    </ClInclude>
    <ClInclude Include="script_value_container_impl.h">
      <Filter>ServerStuff\ServerEntities\scripts\script_value_container</Filter>
    </ClInclude>
    <ClInclude Include="script_properties_list_helper.h">
      <Filter>ServerStuff\ServerEntities\scripts\script_properties_list_helper</Filter>
    </ClInclude>
  </ItemGroup>
  <ItemGroup>
    <ClCompile Include="stdafx.cpp">
      <Filter>Core</Filter>
    </ClCompile>
    <ClCompile Include="xr_LuaAllocator.c">
      <Filter>Core</Filter>
    </ClCompile>
    <ClCompile Include="xrSE_Factory.cpp">
      <Filter>Core</Filter>
    </ClCompile>
    <ClCompile Include="ai_space.cpp">
      <Filter>Common\ASpace</Filter>
    </ClCompile>
    <ClCompile Include="object_factory.cpp">
      <Filter>Common\ObjectFactory</Filter>
    </ClCompile>
    <ClCompile Include="object_factory_register.cpp">
      <Filter>Common\ObjectFactory</Filter>
    </ClCompile>
    <ClCompile Include="object_factory_script.cpp">
      <Filter>Common\ObjectFactory</Filter>
    </ClCompile>
    <ClCompile Include="object_item_script.cpp">
      <Filter>Common\ObjectFactory\object_item_script</Filter>
    </ClCompile>
    <ClCompile Include="smart_cast.cpp">
      <Filter>Common\SmartCast</Filter>
    </ClCompile>
    <ClCompile Include="smart_cast_stats.cpp">
      <Filter>Common\SmartCast</Filter>
    </ClCompile>
    <ClCompile Include="script_fmatrix_script.cpp">
      <Filter>Scripts\ScriptClasses\ScriptFmatrix</Filter>
    </ClCompile>
    <ClCompile Include="script_fcolor_script.cpp">
      <Filter>Scripts\ScriptClasses\ScriptFvector</Filter>
    </ClCompile>
    <ClCompile Include="script_fvector_script.cpp">
      <Filter>Scripts\ScriptClasses\ScriptFvector</Filter>
    </ClCompile>
    <ClCompile Include="script_ini_file.cpp">
      <Filter>Scripts\ScriptClasses\ScriptIniFile</Filter>
    </ClCompile>
    <ClCompile Include="script_ini_file_script.cpp">
      <Filter>Scripts\ScriptClasses\ScriptIniFile</Filter>
    </ClCompile>
    <ClCompile Include="script_token_list.cpp">
      <Filter>Scripts\ScriptClasses\ScriptIniFile\ScriptTokenList</Filter>
    </ClCompile>
    <ClCompile Include="script_token_list_script.cpp">
      <Filter>Scripts\ScriptClasses\ScriptIniFile\ScriptTokenList</Filter>
    </ClCompile>
    <ClCompile Include="script_rtoken_list_script.cpp">
      <Filter>Scripts\ScriptClasses\ScriptIniFile\ScriptRTokenList</Filter>
    </ClCompile>
    <ClCompile Include="script_net_packet_script.cpp">
      <Filter>Scripts\ScriptClasses\ScriptNetPacket</Filter>
    </ClCompile>
    <ClCompile Include="script_sound_type_script.cpp">
      <Filter>Scripts\ScriptClasses\ScriptSoundType</Filter>
    </ClCompile>
    <ClCompile Include="script_flags_script.cpp">
      <Filter>Scripts\ScriptClasses\ScriptFlags</Filter>
    </ClCompile>
    <ClCompile Include="script_reader_script.cpp">
      <Filter>Scripts\ScriptClasses\ScriptReader</Filter>
    </ClCompile>
    <ClCompile Include="script_engine.cpp">
      <Filter>Scripts\ScriptEngine</Filter>
    </ClCompile>
    <ClCompile Include="script_engine_export.cpp">
      <Filter>Scripts\ScriptEngine</Filter>
    </ClCompile>
    <ClCompile Include="script_engine_script.cpp">
      <Filter>Scripts\ScriptEngine</Filter>
    </ClCompile>
    <ClCompile Include="script_storage.cpp">
      <Filter>Scripts\ScriptStorage</Filter>
    </ClCompile>
    <ClCompile Include="script_process.cpp">
      <Filter>Scripts\ScriptProcess</Filter>
    </ClCompile>
    <ClCompile Include="script_thread.cpp">
      <Filter>Scripts\ScriptThread</Filter>
    </ClCompile>
    <ClCompile Include="script_stack_tracker.cpp">
      <Filter>Scripts\ScriptThread\ScriptStackTracker</Filter>
    </ClCompile>
    <ClCompile Include="script_callStack.cpp">
      <Filter>Scripts\ScriptDebugger</Filter>
    </ClCompile>
    <ClCompile Include="script_debugger.cpp">
      <Filter>Scripts\ScriptDebugger</Filter>
    </ClCompile>
    <ClCompile Include="script_debugger_threads.cpp">
      <Filter>Scripts\ScriptDebugger</Filter>
    </ClCompile>
    <ClCompile Include="script_debugger_utils.cpp">
      <Filter>Scripts\ScriptDebugger</Filter>
    </ClCompile>
    <ClCompile Include="script_file.cpp">
      <Filter>Scripts\ScriptDebugger</Filter>
    </ClCompile>
    <ClCompile Include="script_lua_helper.cpp">
      <Filter>Scripts\ScriptDebugger</Filter>
    </ClCompile>
    <ClCompile Include="doug_lea_memory_allocator.c">
      <Filter>Scripts\memory_manager</Filter>
    </ClCompile>
    <ClCompile Include="alife_space.cpp">
      <Filter>ServerStuff\Common\ALifeStuff</Filter>
    </ClCompile>
    <ClCompile Include="alife_artefact_order.cpp">
      <Filter>ServerStuff\Common\ALifeStuff\artefact_order</Filter>
    </ClCompile>
    <ClCompile Include="alife_human_brain.cpp">
      <Filter>ServerStuff\Common\ALifeStuff\human_brain</Filter>
    </ClCompile>
    <ClCompile Include="alife_monster_brain.cpp">
      <Filter>ServerStuff\Common\ALifeStuff\monster_brain</Filter>
    </ClCompile>
    <ClCompile Include="PHNetState.cpp">
      <Filter>ServerStuff\Common\PhysicsStuff</Filter>
    </ClCompile>
    <ClCompile Include="PHSynchronize.cpp">
      <Filter>ServerStuff\Common\PhysicsStuff</Filter>
    </ClCompile>
    <ClCompile Include="character_info.cpp">
      <Filter>ServerStuff\Common\ServerStuff</Filter>
    </ClCompile>
    <ClCompile Include="specific_character.cpp">
      <Filter>ServerStuff\Common\ServerStuff</Filter>
    </ClCompile>
    <ClCompile Include="xrUIXmlParser.cpp">
      <Filter>ServerStuff\Common\ServerStuff</Filter>
    </ClCompile>
    <ClCompile Include="xrServer_Factory.cpp">
      <Filter>ServerStuff\ServerFactory</Filter>
    </ClCompile>
    <ClCompile Include="xrServer_Objects_Abstract.cpp">
      <Filter>ServerStuff\ServerEntities</Filter>
    </ClCompile>
    <ClCompile Include="xrServer_Object_Base.cpp">
      <Filter>ServerStuff\ServerEntities\objects</Filter>
    </ClCompile>
    <ClCompile Include="xrServer_Objects.cpp">
      <Filter>ServerStuff\ServerEntities\objects</Filter>
    </ClCompile>
    <ClCompile Include="xrServer_Objects_script.cpp">
      <Filter>ServerStuff\ServerEntities\objects</Filter>
    </ClCompile>
    <ClCompile Include="xrServer_Objects_script2.cpp">
      <Filter>ServerStuff\ServerEntities\objects</Filter>
    </ClCompile>
    <ClCompile Include="xrServer_Objects_ALife.cpp">
      <Filter>ServerStuff\ServerEntities\objects_alife</Filter>
    </ClCompile>
    <ClCompile Include="xrServer_Objects_ALife_script.cpp">
      <Filter>ServerStuff\ServerEntities\objects_alife</Filter>
    </ClCompile>
    <ClCompile Include="xrServer_Objects_ALife_script2.cpp">
      <Filter>ServerStuff\ServerEntities\objects_alife</Filter>
    </ClCompile>
    <ClCompile Include="xrServer_Objects_ALife_script3.cpp">
      <Filter>ServerStuff\ServerEntities\objects_alife</Filter>
    </ClCompile>
    <ClCompile Include="xrServer_Objects_ALife_Items.cpp">
      <Filter>ServerStuff\ServerEntities\objects_alife_items</Filter>
    </ClCompile>
    <ClCompile Include="xrServer_Objects_ALife_Items_script.cpp">
      <Filter>ServerStuff\ServerEntities\objects_alife_items</Filter>
    </ClCompile>
    <ClCompile Include="xrServer_Objects_ALife_Items_script2.cpp">
      <Filter>ServerStuff\ServerEntities\objects_alife_items</Filter>
    </ClCompile>
    <ClCompile Include="xrServer_Objects_ALife_Items_script3.cpp">
      <Filter>ServerStuff\ServerEntities\objects_alife_items</Filter>
    </ClCompile>
    <ClCompile Include="xrServer_Objects_ALife_Monsters.cpp">
      <Filter>ServerStuff\ServerEntities\objects_alife_monsters</Filter>
    </ClCompile>
    <ClCompile Include="xrServer_Objects_ALife_Monsters_script.cpp">
      <Filter>ServerStuff\ServerEntities\objects_alife_monsters</Filter>
    </ClCompile>
    <ClCompile Include="xrServer_Objects_ALife_Monsters_script2.cpp">
      <Filter>ServerStuff\ServerEntities\objects_alife_monsters</Filter>
    </ClCompile>
    <ClCompile Include="xrserver_objects_alife_monsters_script3.cpp">
      <Filter>ServerStuff\ServerEntities\objects_alife_monsters</Filter>
    </ClCompile>
    <ClCompile Include="xrServer_Objects_ALife_Monsters_script4.cpp">
      <Filter>ServerStuff\ServerEntities\objects_alife_monsters</Filter>
    </ClCompile>
    <ClCompile Include="properties_list_helper_script.cpp">
      <Filter>ServerStuff\ServerEntities\scripts\script_properties_list_helper</Filter>
    </ClCompile>
    <ClCompile Include="script_properties_list_helper.cpp">
      <Filter>ServerStuff\ServerEntities\scripts\script_properties_list_helper</Filter>
    </ClCompile>
  </ItemGroup>
</Project>