Microsoft Visual Studio Solution File, Format Version 12.00
# Visual Studio 2012
Project("{8BC9CEB8-8B4A-11D0-8D11-00A0C91BC942}") = "ALL_BUILD", "ALL_BUILD.vcxproj", "{EC9BB833-58D5-3643-B6FB-091015DB47B0}"
	ProjectSection(ProjectDependencies) = postProject
		{F1C34D1A-9A81-35CD-A931-B6C9906A381C} = {F1C34D1A-9A81-35CD-A931-B6C9906A381C}
		{ADCA00D9-17BE-336E-9FE6-3F3052E91D00} = {ADCA00D9-17BE-336E-9FE6-3F3052E91D00}
		{5816BC48-44DF-3B35-8217-B2B5A87EFFAF} = {5816BC48-44DF-3B35-8217-B2B5A87EFFAF}
		{A986945F-4C0F-36FB-B9C4-9877B47D08C6} = {A986945F-4C0F-36FB-B9C4-9877B47D08C6}
		{51236FCB-F2D8-3FB3-8F28-78E8349C27DB} = {51236FCB-F2D8-3FB3-8F28-78E8349C27DB}
		{C5534B46-64D7-3E6C-91FB-1B7EBAE151B8} = {C5534B46-64D7-3E6C-91FB-1B7EBAE151B8}
		{EB0479DC-04B0-35CC-8B35-E9E69D535CC1} = {EB0479DC-04B0-35CC-8B35-E9E69D535CC1}
		{01AD608D-59D4-3ABC-8BEC-87ED76FC2711} = {01AD608D-59D4-3ABC-8BEC-87ED76FC2711}
		{8FAEF804-4B22-3F65-BB9C-C8ACD7A1C796} = {8FAEF804-4B22-3F65-BB9C-C8ACD7A1C796}
		{37DFD7F7-B04A-3093-91F0-26C6D8D4F700} = {37DFD7F7-B04A-3093-91F0-26C6D8D4F700}
		{AF0D6E4C-39B4-3C3D-82CD-6DBD362D5A86} = {AF0D6E4C-39B4-3C3D-82CD-6DBD362D5A86}
		{A0B3E72C-6A0F-378C-B155-2F8959537948} = {A0B3E72C-6A0F-378C-B155-2F8959537948}
		{1C77DD04-2607-329E-894E-A5D62FE54AD5} = {1C77DD04-2607-329E-894E-A5D62FE54AD5}
		{0F5BE802-474B-3607-B132-F8EF595B2FB0} = {0F5BE802-474B-3607-B132-F8EF595B2FB0}
		{090AA6CC-722A-32AB-A723-8BA6C7DEE745} = {090AA6CC-722A-32AB-A723-8BA6C7DEE745}
		{D4B93847-8A67-3D6F-81B3-5FEC67B1DD0D} = {D4B93847-8A67-3D6F-81B3-5FEC67B1DD0D}
	EndProjectSection
EndProject
Project("{8BC9CEB8-8B4A-11D0-8D11-00A0C91BC942}") = "INSTALL", "INSTALL.vcxproj", "{A7DD7E1D-E092-3160-A611-C8CED5D63B92}"
	ProjectSection(ProjectDependencies) = postProject
		{EC9BB833-58D5-3643-B6FB-091015DB47B0} = {EC9BB833-58D5-3643-B6FB-091015DB47B0}
		{F1C34D1A-9A81-35CD-A931-B6C9906A381C} = {F1C34D1A-9A81-35CD-A931-B6C9906A381C}
	EndProjectSection
EndProject
Project("{8BC9CEB8-8B4A-11D0-8D11-00A0C91BC942}") = "PACKAGE", "PACKAGE.vcxproj", "{E200EC2F-F72E-354F-A850-CE9438C6DB31}"
	ProjectSection(ProjectDependencies) = postProject
		{EC9BB833-58D5-3643-B6FB-091015DB47B0} = {EC9BB833-58D5-3643-B6FB-091015DB47B0}
		{F1C34D1A-9A81-35CD-A931-B6C9906A381C} = {F1C34D1A-9A81-35CD-A931-B6C9906A381C}
	EndProjectSection
EndProject
Project("{8BC9CEB8-8B4A-11D0-8D11-00A0C91BC942}") = "RUN_TESTS", "RUN_TESTS.vcxproj", "{D64612E1-C8F9-34AD-AA9A-1E70B4A66760}"
	ProjectSection(ProjectDependencies) = postProject
		{F1C34D1A-9A81-35CD-A931-B6C9906A381C} = {F1C34D1A-9A81-35CD-A931-B6C9906A381C}
	EndProjectSection
EndProject
Project("{8BC9CEB8-8B4A-11D0-8D11-00A0C91BC942}") = "ZERO_CHECK", "ZERO_CHECK.vcxproj", "{F1C34D1A-9A81-35CD-A931-B6C9906A381C}"
	ProjectSection(ProjectDependencies) = postProject
	EndProjectSection
EndProject
Project("{8BC9CEB8-8B4A-11D0-8D11-00A0C91BC942}") = "assert-test", "test\assert-test.vcxproj", "{ADCA00D9-17BE-336E-9FE6-3F3052E91D00}"
	ProjectSection(ProjectDependencies) = postProject
		{F1C34D1A-9A81-35CD-A931-B6C9906A381C} = {F1C34D1A-9A81-35CD-A931-B6C9906A381C}
		{5816BC48-44DF-3B35-8217-B2B5A87EFFAF} = {5816BC48-44DF-3B35-8217-B2B5A87EFFAF}
		{C5534B46-64D7-3E6C-91FB-1B7EBAE151B8} = {C5534B46-64D7-3E6C-91FB-1B7EBAE151B8}
		{090AA6CC-722A-32AB-A723-8BA6C7DEE745} = {090AA6CC-722A-32AB-A723-8BA6C7DEE745}
	EndProjectSection
EndProject
Project("{8BC9CEB8-8B4A-11D0-8D11-00A0C91BC942}") = "doc", "doc\doc.vcxproj", "{4F1E04AE-93DF-33DA-83D3-3639FF261365}"
	ProjectSection(ProjectDependencies) = postProject
		{F1C34D1A-9A81-35CD-A931-B6C9906A381C} = {F1C34D1A-9A81-35CD-A931-B6C9906A381C}
	EndProjectSection
EndProject
Project("{8BC9CEB8-8B4A-11D0-8D11-00A0C91BC942}") = "fmt", "fmt\fmt.vcxproj", "{5816BC48-44DF-3B35-8217-B2B5A87EFFAF}"
	ProjectSection(ProjectDependencies) = postProject
		{F1C34D1A-9A81-35CD-A931-B6C9906A381C} = {F1C34D1A-9A81-35CD-A931-B6C9906A381C}
	EndProjectSection
EndProject
Project("{8BC9CEB8-8B4A-11D0-8D11-00A0C91BC942}") = "format-impl-test", "test\format-impl-test.vcxproj", "{A986945F-4C0F-36FB-B9C4-9877B47D08C6}"
	ProjectSection(ProjectDependencies) = postProject
		{F1C34D1A-9A81-35CD-A931-B6C9906A381C} = {F1C34D1A-9A81-35CD-A931-B6C9906A381C}
		{5816BC48-44DF-3B35-8217-B2B5A87EFFAF} = {5816BC48-44DF-3B35-8217-B2B5A87EFFAF}
		{C5534B46-64D7-3E6C-91FB-1B7EBAE151B8} = {C5534B46-64D7-3E6C-91FB-1B7EBAE151B8}
		{090AA6CC-722A-32AB-A723-8BA6C7DEE745} = {090AA6CC-722A-32AB-A723-8BA6C7DEE745}
	EndProjectSection
EndProject
Project("{8BC9CEB8-8B4A-11D0-8D11-00A0C91BC942}") = "format-test", "test\format-test.vcxproj", "{51236FCB-F2D8-3FB3-8F28-78E8349C27DB}"
	ProjectSection(ProjectDependencies) = postProject
		{F1C34D1A-9A81-35CD-A931-B6C9906A381C} = {F1C34D1A-9A81-35CD-A931-B6C9906A381C}
		{5816BC48-44DF-3B35-8217-B2B5A87EFFAF} = {5816BC48-44DF-3B35-8217-B2B5A87EFFAF}
		{C5534B46-64D7-3E6C-91FB-1B7EBAE151B8} = {C5534B46-64D7-3E6C-91FB-1B7EBAE151B8}
		{090AA6CC-722A-32AB-A723-8BA6C7DEE745} = {090AA6CC-722A-32AB-A723-8BA6C7DEE745}
	EndProjectSection
EndProject
Project("{8BC9CEB8-8B4A-11D0-8D11-00A0C91BC942}") = "gmock", "test\gmock.vcxproj", "{C5534B46-64D7-3E6C-91FB-1B7EBAE151B8}"
	ProjectSection(ProjectDependencies) = postProject
		{F1C34D1A-9A81-35CD-A931-B6C9906A381C} = {F1C34D1A-9A81-35CD-A931-B6C9906A381C}
	EndProjectSection
EndProject
Project("{8BC9CEB8-8B4A-11D0-8D11-00A0C91BC942}") = "gtest-extra-test", "test\gtest-extra-test.vcxproj", "{EB0479DC-04B0-35CC-8B35-E9E69D535CC1}"
	ProjectSection(ProjectDependencies) = postProject
		{F1C34D1A-9A81-35CD-A931-B6C9906A381C} = {F1C34D1A-9A81-35CD-A931-B6C9906A381C}
		{5816BC48-44DF-3B35-8217-B2B5A87EFFAF} = {5816BC48-44DF-3B35-8217-B2B5A87EFFAF}
		{C5534B46-64D7-3E6C-91FB-1B7EBAE151B8} = {C5534B46-64D7-3E6C-91FB-1B7EBAE151B8}
		{090AA6CC-722A-32AB-A723-8BA6C7DEE745} = {090AA6CC-722A-32AB-A723-8BA6C7DEE745}
	EndProjectSection
EndProject
Project("{8BC9CEB8-8B4A-11D0-8D11-00A0C91BC942}") = "header-only-test", "test\header-only-test.vcxproj", "{01AD608D-59D4-3ABC-8BEC-87ED76FC2711}"
	ProjectSection(ProjectDependencies) = postProject
		{F1C34D1A-9A81-35CD-A931-B6C9906A381C} = {F1C34D1A-9A81-35CD-A931-B6C9906A381C}
		{C5534B46-64D7-3E6C-91FB-1B7EBAE151B8} = {C5534B46-64D7-3E6C-91FB-1B7EBAE151B8}
	EndProjectSection
EndProject
Project("{8BC9CEB8-8B4A-11D0-8D11-00A0C91BC942}") = "macro-test", "test\macro-test.vcxproj", "{8FAEF804-4B22-3F65-BB9C-C8ACD7A1C796}"
	ProjectSection(ProjectDependencies) = postProject
		{F1C34D1A-9A81-35CD-A931-B6C9906A381C} = {F1C34D1A-9A81-35CD-A931-B6C9906A381C}
		{5816BC48-44DF-3B35-8217-B2B5A87EFFAF} = {5816BC48-44DF-3B35-8217-B2B5A87EFFAF}
		{C5534B46-64D7-3E6C-91FB-1B7EBAE151B8} = {C5534B46-64D7-3E6C-91FB-1B7EBAE151B8}
		{090AA6CC-722A-32AB-A723-8BA6C7DEE745} = {090AA6CC-722A-32AB-A723-8BA6C7DEE745}
	EndProjectSection
EndProject
Project("{8BC9CEB8-8B4A-11D0-8D11-00A0C91BC942}") = "ostream-test", "test\ostream-test.vcxproj", "{37DFD7F7-B04A-3093-91F0-26C6D8D4F700}"
	ProjectSection(ProjectDependencies) = postProject
		{F1C34D1A-9A81-35CD-A931-B6C9906A381C} = {F1C34D1A-9A81-35CD-A931-B6C9906A381C}
		{5816BC48-44DF-3B35-8217-B2B5A87EFFAF} = {5816BC48-44DF-3B35-8217-B2B5A87EFFAF}
		{C5534B46-64D7-3E6C-91FB-1B7EBAE151B8} = {C5534B46-64D7-3E6C-91FB-1B7EBAE151B8}
		{090AA6CC-722A-32AB-A723-8BA6C7DEE745} = {090AA6CC-722A-32AB-A723-8BA6C7DEE745}
	EndProjectSection
EndProject
Project("{8BC9CEB8-8B4A-11D0-8D11-00A0C91BC942}") = "posix-mock-test", "test\posix-mock-test.vcxproj", "{AF0D6E4C-39B4-3C3D-82CD-6DBD362D5A86}"
	ProjectSection(ProjectDependencies) = postProject
		{F1C34D1A-9A81-35CD-A931-B6C9906A381C} = {F1C34D1A-9A81-35CD-A931-B6C9906A381C}
		{C5534B46-64D7-3E6C-91FB-1B7EBAE151B8} = {C5534B46-64D7-3E6C-91FB-1B7EBAE151B8}
	EndProjectSection
EndProject
Project("{8BC9CEB8-8B4A-11D0-8D11-00A0C91BC942}") = "posix-test", "test\posix-test.vcxproj", "{A0B3E72C-6A0F-378C-B155-2F8959537948}"
	ProjectSection(ProjectDependencies) = postProject
		{F1C34D1A-9A81-35CD-A931-B6C9906A381C} = {F1C34D1A-9A81-35CD-A931-B6C9906A381C}
		{5816BC48-44DF-3B35-8217-B2B5A87EFFAF} = {5816BC48-44DF-3B35-8217-B2B5A87EFFAF}
		{C5534B46-64D7-3E6C-91FB-1B7EBAE151B8} = {C5534B46-64D7-3E6C-91FB-1B7EBAE151B8}
		{090AA6CC-722A-32AB-A723-8BA6C7DEE745} = {090AA6CC-722A-32AB-A723-8BA6C7DEE745}
	EndProjectSection
EndProject
Project("{8BC9CEB8-8B4A-11D0-8D11-00A0C91BC942}") = "printf-test", "test\printf-test.vcxproj", "{1C77DD04-2607-329E-894E-A5D62FE54AD5}"
	ProjectSection(ProjectDependencies) = postProject
		{F1C34D1A-9A81-35CD-A931-B6C9906A381C} = {F1C34D1A-9A81-35CD-A931-B6C9906A381C}
		{5816BC48-44DF-3B35-8217-B2B5A87EFFAF} = {5816BC48-44DF-3B35-8217-B2B5A87EFFAF}
		{C5534B46-64D7-3E6C-91FB-1B7EBAE151B8} = {C5534B46-64D7-3E6C-91FB-1B7EBAE151B8}
		{090AA6CC-722A-32AB-A723-8BA6C7DEE745} = {090AA6CC-722A-32AB-A723-8BA6C7DEE745}
	EndProjectSection
EndProject
Project("{8BC9CEB8-8B4A-11D0-8D11-00A0C91BC942}") = "string-test", "test\string-test.vcxproj", "{0F5BE802-474B-3607-B132-F8EF595B2FB0}"
	ProjectSection(ProjectDependencies) = postProject
		{F1C34D1A-9A81-35CD-A931-B6C9906A381C} = {F1C34D1A-9A81-35CD-A931-B6C9906A381C}
		{5816BC48-44DF-3B35-8217-B2B5A87EFFAF} = {5816BC48-44DF-3B35-8217-B2B5A87EFFAF}
		{C5534B46-64D7-3E6C-91FB-1B7EBAE151B8} = {C5534B46-64D7-3E6C-91FB-1B7EBAE151B8}
		{090AA6CC-722A-32AB-A723-8BA6C7DEE745} = {090AA6CC-722A-32AB-A723-8BA6C7DEE745}
	EndProjectSection
EndProject
Project("{8BC9CEB8-8B4A-11D0-8D11-00A0C91BC942}") = "test-main", "test\test-main.vcxproj", "{090AA6CC-722A-32AB-A723-8BA6C7DEE745}"
	ProjectSection(ProjectDependencies) = postProject
		{F1C34D1A-9A81-35CD-A931-B6C9906A381C} = {F1C34D1A-9A81-35CD-A931-B6C9906A381C}
		{5816BC48-44DF-3B35-8217-B2B5A87EFFAF} = {5816BC48-44DF-3B35-8217-B2B5A87EFFAF}
		{C5534B46-64D7-3E6C-91FB-1B7EBAE151B8} = {C5534B46-64D7-3E6C-91FB-1B7EBAE151B8}
	EndProjectSection
EndProject
Project("{8BC9CEB8-8B4A-11D0-8D11-00A0C91BC942}") = "util-test", "test\util-test.vcxproj", "{D4B93847-8A67-3D6F-81B3-5FEC67B1DD0D}"
	ProjectSection(ProjectDependencies) = postProject
		{F1C34D1A-9A81-35CD-A931-B6C9906A381C} = {F1C34D1A-9A81-35CD-A931-B6C9906A381C}
		{5816BC48-44DF-3B35-8217-B2B5A87EFFAF} = {5816BC48-44DF-3B35-8217-B2B5A87EFFAF}
		{C5534B46-64D7-3E6C-91FB-1B7EBAE151B8} = {C5534B46-64D7-3E6C-91FB-1B7EBAE151B8}
		{090AA6CC-722A-32AB-A723-8BA6C7DEE745} = {090AA6CC-722A-32AB-A723-8BA6C7DEE745}
	EndProjectSection
EndProject
Global
	GlobalSection(SolutionConfigurationPlatforms) = preSolution
		Debug|Win32 = Debug|Win32
		Release|Win32 = Release|Win32
		MinSizeRel|Win32 = MinSizeRel|Win32
		RelWithDebInfo|Win32 = RelWithDebInfo|Win32
	EndGlobalSection
	GlobalSection(ProjectConfigurationPlatforms) = postSolution
		{EC9BB833-58D5-3643-B6FB-091015DB47B0}.Debug|Win32.ActiveCfg = Debug|Win32
		{EC9BB833-58D5-3643-B6FB-091015DB47B0}.Debug|Win32.Build.0 = Debug|Win32
		{EC9BB833-58D5-3643-B6FB-091015DB47B0}.Release|Win32.ActiveCfg = Release|Win32
		{EC9BB833-58D5-3643-B6FB-091015DB47B0}.Release|Win32.Build.0 = Release|Win32
		{EC9BB833-58D5-3643-B6FB-091015DB47B0}.MinSizeRel|Win32.ActiveCfg = MinSizeRel|Win32
		{EC9BB833-58D5-3643-B6FB-091015DB47B0}.MinSizeRel|Win32.Build.0 = MinSizeRel|Win32
		{EC9BB833-58D5-3643-B6FB-091015DB47B0}.RelWithDebInfo|Win32.ActiveCfg = RelWithDebInfo|Win32
		{EC9BB833-58D5-3643-B6FB-091015DB47B0}.RelWithDebInfo|Win32.Build.0 = RelWithDebInfo|Win32
		{A7DD7E1D-E092-3160-A611-C8CED5D63B92}.Debug|Win32.ActiveCfg = Debug|Win32
		{A7DD7E1D-E092-3160-A611-C8CED5D63B92}.Release|Win32.ActiveCfg = Release|Win32
		{A7DD7E1D-E092-3160-A611-C8CED5D63B92}.MinSizeRel|Win32.ActiveCfg = MinSizeRel|Win32
		{A7DD7E1D-E092-3160-A611-C8CED5D63B92}.RelWithDebInfo|Win32.ActiveCfg = RelWithDebInfo|Win32
		{E200EC2F-F72E-354F-A850-CE9438C6DB31}.Debug|Win32.ActiveCfg = Debug|Win32
		{E200EC2F-F72E-354F-A850-CE9438C6DB31}.Release|Win32.ActiveCfg = Release|Win32
		{E200EC2F-F72E-354F-A850-CE9438C6DB31}.MinSizeRel|Win32.ActiveCfg = MinSizeRel|Win32
		{E200EC2F-F72E-354F-A850-CE9438C6DB31}.RelWithDebInfo|Win32.ActiveCfg = RelWithDebInfo|Win32
		{D64612E1-C8F9-34AD-AA9A-1E70B4A66760}.Debug|Win32.ActiveCfg = Debug|Win32
		{D64612E1-C8F9-34AD-AA9A-1E70B4A66760}.Release|Win32.ActiveCfg = Release|Win32
		{D64612E1-C8F9-34AD-AA9A-1E70B4A66760}.MinSizeRel|Win32.ActiveCfg = MinSizeRel|Win32
		{D64612E1-C8F9-34AD-AA9A-1E70B4A66760}.RelWithDebInfo|Win32.ActiveCfg = RelWithDebInfo|Win32
		{F1C34D1A-9A81-35CD-A931-B6C9906A381C}.Debug|Win32.ActiveCfg = Debug|Win32
		{F1C34D1A-9A81-35CD-A931-B6C9906A381C}.Debug|Win32.Build.0 = Debug|Win32
		{F1C34D1A-9A81-35CD-A931-B6C9906A381C}.Release|Win32.ActiveCfg = Release|Win32
		{F1C34D1A-9A81-35CD-A931-B6C9906A381C}.Release|Win32.Build.0 = Release|Win32
		{F1C34D1A-9A81-35CD-A931-B6C9906A381C}.MinSizeRel|Win32.ActiveCfg = MinSizeRel|Win32
		{F1C34D1A-9A81-35CD-A931-B6C9906A381C}.MinSizeRel|Win32.Build.0 = MinSizeRel|Win32
		{F1C34D1A-9A81-35CD-A931-B6C9906A381C}.RelWithDebInfo|Win32.ActiveCfg = RelWithDebInfo|Win32
		{F1C34D1A-9A81-35CD-A931-B6C9906A381C}.RelWithDebInfo|Win32.Build.0 = RelWithDebInfo|Win32
		{ADCA00D9-17BE-336E-9FE6-3F3052E91D00}.Debug|Win32.ActiveCfg = Debug|Win32
		{ADCA00D9-17BE-336E-9FE6-3F3052E91D00}.Debug|Win32.Build.0 = Debug|Win32
		{ADCA00D9-17BE-336E-9FE6-3F3052E91D00}.Release|Win32.ActiveCfg = Release|Win32
		{ADCA00D9-17BE-336E-9FE6-3F3052E91D00}.Release|Win32.Build.0 = Release|Win32
		{ADCA00D9-17BE-336E-9FE6-3F3052E91D00}.MinSizeRel|Win32.ActiveCfg = MinSizeRel|Win32
		{ADCA00D9-17BE-336E-9FE6-3F3052E91D00}.MinSizeRel|Win32.Build.0 = MinSizeRel|Win32
		{ADCA00D9-17BE-336E-9FE6-3F3052E91D00}.RelWithDebInfo|Win32.ActiveCfg = RelWithDebInfo|Win32
		{ADCA00D9-17BE-336E-9FE6-3F3052E91D00}.RelWithDebInfo|Win32.Build.0 = RelWithDebInfo|Win32
		{4F1E04AE-93DF-33DA-83D3-3639FF261365}.Debug|Win32.ActiveCfg = Debug|Win32
		{4F1E04AE-93DF-33DA-83D3-3639FF261365}.Release|Win32.ActiveCfg = Release|Win32
		{4F1E04AE-93DF-33DA-83D3-3639FF261365}.MinSizeRel|Win32.ActiveCfg = MinSizeRel|Win32
		{4F1E04AE-93DF-33DA-83D3-3639FF261365}.RelWithDebInfo|Win32.ActiveCfg = RelWithDebInfo|Win32
		{5816BC48-44DF-3B35-8217-B2B5A87EFFAF}.Debug|Win32.ActiveCfg = Debug|Win32
		{5816BC48-44DF-3B35-8217-B2B5A87EFFAF}.Debug|Win32.Build.0 = Debug|Win32
		{5816BC48-44DF-3B35-8217-B2B5A87EFFAF}.Release|Win32.ActiveCfg = Release|Win32
		{5816BC48-44DF-3B35-8217-B2B5A87EFFAF}.Release|Win32.Build.0 = Release|Win32
		{5816BC48-44DF-3B35-8217-B2B5A87EFFAF}.MinSizeRel|Win32.ActiveCfg = MinSizeRel|Win32
		{5816BC48-44DF-3B35-8217-B2B5A87EFFAF}.MinSizeRel|Win32.Build.0 = MinSizeRel|Win32
		{5816BC48-44DF-3B35-8217-B2B5A87EFFAF}.RelWithDebInfo|Win32.ActiveCfg = RelWithDebInfo|Win32
		{5816BC48-44DF-3B35-8217-B2B5A87EFFAF}.RelWithDebInfo|Win32.Build.0 = RelWithDebInfo|Win32
		{A986945F-4C0F-36FB-B9C4-9877B47D08C6}.Debug|Win32.ActiveCfg = Debug|Win32
		{A986945F-4C0F-36FB-B9C4-9877B47D08C6}.Debug|Win32.Build.0 = Debug|Win32
		{A986945F-4C0F-36FB-B9C4-9877B47D08C6}.Release|Win32.ActiveCfg = Release|Win32
		{A986945F-4C0F-36FB-B9C4-9877B47D08C6}.Release|Win32.Build.0 = Release|Win32
		{A986945F-4C0F-36FB-B9C4-9877B47D08C6}.MinSizeRel|Win32.ActiveCfg = MinSizeRel|Win32
		{A986945F-4C0F-36FB-B9C4-9877B47D08C6}.MinSizeRel|Win32.Build.0 = MinSizeRel|Win32
		{A986945F-4C0F-36FB-B9C4-9877B47D08C6}.RelWithDebInfo|Win32.ActiveCfg = RelWithDebInfo|Win32
		{A986945F-4C0F-36FB-B9C4-9877B47D08C6}.RelWithDebInfo|Win32.Build.0 = RelWithDebInfo|Win32
		{51236FCB-F2D8-3FB3-8F28-78E8349C27DB}.Debug|Win32.ActiveCfg = Debug|Win32
		{51236FCB-F2D8-3FB3-8F28-78E8349C27DB}.Debug|Win32.Build.0 = Debug|Win32
		{51236FCB-F2D8-3FB3-8F28-78E8349C27DB}.Release|Win32.ActiveCfg = Release|Win32
		{51236FCB-F2D8-3FB3-8F28-78E8349C27DB}.Release|Win32.Build.0 = Release|Win32
		{51236FCB-F2D8-3FB3-8F28-78E8349C27DB}.MinSizeRel|Win32.ActiveCfg = MinSizeRel|Win32
		{51236FCB-F2D8-3FB3-8F28-78E8349C27DB}.MinSizeRel|Win32.Build.0 = MinSizeRel|Win32
		{51236FCB-F2D8-3FB3-8F28-78E8349C27DB}.RelWithDebInfo|Win32.ActiveCfg = RelWithDebInfo|Win32
		{51236FCB-F2D8-3FB3-8F28-78E8349C27DB}.RelWithDebInfo|Win32.Build.0 = RelWithDebInfo|Win32
		{C5534B46-64D7-3E6C-91FB-1B7EBAE151B8}.Debug|Win32.ActiveCfg = Debug|Win32
		{C5534B46-64D7-3E6C-91FB-1B7EBAE151B8}.Debug|Win32.Build.0 = Debug|Win32
		{C5534B46-64D7-3E6C-91FB-1B7EBAE151B8}.Release|Win32.ActiveCfg = Release|Win32
		{C5534B46-64D7-3E6C-91FB-1B7EBAE151B8}.Release|Win32.Build.0 = Release|Win32
		{C5534B46-64D7-3E6C-91FB-1B7EBAE151B8}.MinSizeRel|Win32.ActiveCfg = MinSizeRel|Win32
		{C5534B46-64D7-3E6C-91FB-1B7EBAE151B8}.MinSizeRel|Win32.Build.0 = MinSizeRel|Win32
		{C5534B46-64D7-3E6C-91FB-1B7EBAE151B8}.RelWithDebInfo|Win32.ActiveCfg = RelWithDebInfo|Win32
		{C5534B46-64D7-3E6C-91FB-1B7EBAE151B8}.RelWithDebInfo|Win32.Build.0 = RelWithDebInfo|Win32
		{EB0479DC-04B0-35CC-8B35-E9E69D535CC1}.Debug|Win32.ActiveCfg = Debug|Win32
		{EB0479DC-04B0-35CC-8B35-E9E69D535CC1}.Debug|Win32.Build.0 = Debug|Win32
		{EB0479DC-04B0-35CC-8B35-E9E69D535CC1}.Release|Win32.ActiveCfg = Release|Win32
		{EB0479DC-04B0-35CC-8B35-E9E69D535CC1}.Release|Win32.Build.0 = Release|Win32
		{EB0479DC-04B0-35CC-8B35-E9E69D535CC1}.MinSizeRel|Win32.ActiveCfg = MinSizeRel|Win32
		{EB0479DC-04B0-35CC-8B35-E9E69D535CC1}.MinSizeRel|Win32.Build.0 = MinSizeRel|Win32
		{EB0479DC-04B0-35CC-8B35-E9E69D535CC1}.RelWithDebInfo|Win32.ActiveCfg = RelWithDebInfo|Win32
		{EB0479DC-04B0-35CC-8B35-E9E69D535CC1}.RelWithDebInfo|Win32.Build.0 = RelWithDebInfo|Win32
		{01AD608D-59D4-3ABC-8BEC-87ED76FC2711}.Debug|Win32.ActiveCfg = Debug|Win32
		{01AD608D-59D4-3ABC-8BEC-87ED76FC2711}.Debug|Win32.Build.0 = Debug|Win32
		{01AD608D-59D4-3ABC-8BEC-87ED76FC2711}.Release|Win32.ActiveCfg = Release|Win32
		{01AD608D-59D4-3ABC-8BEC-87ED76FC2711}.Release|Win32.Build.0 = Release|Win32
		{01AD608D-59D4-3ABC-8BEC-87ED76FC2711}.MinSizeRel|Win32.ActiveCfg = MinSizeRel|Win32
		{01AD608D-59D4-3ABC-8BEC-87ED76FC2711}.MinSizeRel|Win32.Build.0 = MinSizeRel|Win32
		{01AD608D-59D4-3ABC-8BEC-87ED76FC2711}.RelWithDebInfo|Win32.ActiveCfg = RelWithDebInfo|Win32
		{01AD608D-59D4-3ABC-8BEC-87ED76FC2711}.RelWithDebInfo|Win32.Build.0 = RelWithDebInfo|Win32
		{8FAEF804-4B22-3F65-BB9C-C8ACD7A1C796}.Debug|Win32.ActiveCfg = Debug|Win32
		{8FAEF804-4B22-3F65-BB9C-C8ACD7A1C796}.Debug|Win32.Build.0 = Debug|Win32
		{8FAEF804-4B22-3F65-BB9C-C8ACD7A1C796}.Release|Win32.ActiveCfg = Release|Win32
		{8FAEF804-4B22-3F65-BB9C-C8ACD7A1C796}.Release|Win32.Build.0 = Release|Win32
		{8FAEF804-4B22-3F65-BB9C-C8ACD7A1C796}.MinSizeRel|Win32.ActiveCfg = MinSizeRel|Win32
		{8FAEF804-4B22-3F65-BB9C-C8ACD7A1C796}.MinSizeRel|Win32.Build.0 = MinSizeRel|Win32
		{8FAEF804-4B22-3F65-BB9C-C8ACD7A1C796}.RelWithDebInfo|Win32.ActiveCfg = RelWithDebInfo|Win32
		{8FAEF804-4B22-3F65-BB9C-C8ACD7A1C796}.RelWithDebInfo|Win32.Build.0 = RelWithDebInfo|Win32
		{37DFD7F7-B04A-3093-91F0-26C6D8D4F700}.Debug|Win32.ActiveCfg = Debug|Win32
		{37DFD7F7-B04A-3093-91F0-26C6D8D4F700}.Debug|Win32.Build.0 = Debug|Win32
		{37DFD7F7-B04A-3093-91F0-26C6D8D4F700}.Release|Win32.ActiveCfg = Release|Win32
		{37DFD7F7-B04A-3093-91F0-26C6D8D4F700}.Release|Win32.Build.0 = Release|Win32
		{37DFD7F7-B04A-3093-91F0-26C6D8D4F700}.MinSizeRel|Win32.ActiveCfg = MinSizeRel|Win32
		{37DFD7F7-B04A-3093-91F0-26C6D8D4F700}.MinSizeRel|Win32.Build.0 = MinSizeRel|Win32
		{37DFD7F7-B04A-3093-91F0-26C6D8D4F700}.RelWithDebInfo|Win32.ActiveCfg = RelWithDebInfo|Win32
		{37DFD7F7-B04A-3093-91F0-26C6D8D4F700}.RelWithDebInfo|Win32.Build.0 = RelWithDebInfo|Win32
		{AF0D6E4C-39B4-3C3D-82CD-6DBD362D5A86}.Debug|Win32.ActiveCfg = Debug|Win32
		{AF0D6E4C-39B4-3C3D-82CD-6DBD362D5A86}.Debug|Win32.Build.0 = Debug|Win32
		{AF0D6E4C-39B4-3C3D-82CD-6DBD362D5A86}.Release|Win32.ActiveCfg = Release|Win32
		{AF0D6E4C-39B4-3C3D-82CD-6DBD362D5A86}.Release|Win32.Build.0 = Release|Win32
		{AF0D6E4C-39B4-3C3D-82CD-6DBD362D5A86}.MinSizeRel|Win32.ActiveCfg = MinSizeRel|Win32
		{AF0D6E4C-39B4-3C3D-82CD-6DBD362D5A86}.MinSizeRel|Win32.Build.0 = MinSizeRel|Win32
		{AF0D6E4C-39B4-3C3D-82CD-6DBD362D5A86}.RelWithDebInfo|Win32.ActiveCfg = RelWithDebInfo|Win32
		{AF0D6E4C-39B4-3C3D-82CD-6DBD362D5A86}.RelWithDebInfo|Win32.Build.0 = RelWithDebInfo|Win32
		{A0B3E72C-6A0F-378C-B155-2F8959537948}.Debug|Win32.ActiveCfg = Debug|Win32
		{A0B3E72C-6A0F-378C-B155-2F8959537948}.Debug|Win32.Build.0 = Debug|Win32
		{A0B3E72C-6A0F-378C-B155-2F8959537948}.Release|Win32.ActiveCfg = Release|Win32
		{A0B3E72C-6A0F-378C-B155-2F8959537948}.Release|Win32.Build.0 = Release|Win32
		{A0B3E72C-6A0F-378C-B155-2F8959537948}.MinSizeRel|Win32.ActiveCfg = MinSizeRel|Win32
		{A0B3E72C-6A0F-378C-B155-2F8959537948}.MinSizeRel|Win32.Build.0 = MinSizeRel|Win32
		{A0B3E72C-6A0F-378C-B155-2F8959537948}.RelWithDebInfo|Win32.ActiveCfg = RelWithDebInfo|Win32
		{A0B3E72C-6A0F-378C-B155-2F8959537948}.RelWithDebInfo|Win32.Build.0 = RelWithDebInfo|Win32
		{1C77DD04-2607-329E-894E-A5D62FE54AD5}.Debug|Win32.ActiveCfg = Debug|Win32
		{1C77DD04-2607-329E-894E-A5D62FE54AD5}.Debug|Win32.Build.0 = Debug|Win32
		{1C77DD04-2607-329E-894E-A5D62FE54AD5}.Release|Win32.ActiveCfg = Release|Win32
		{1C77DD04-2607-329E-894E-A5D62FE54AD5}.Release|Win32.Build.0 = Release|Win32
		{1C77DD04-2607-329E-894E-A5D62FE54AD5}.MinSizeRel|Win32.ActiveCfg = MinSizeRel|Win32
		{1C77DD04-2607-329E-894E-A5D62FE54AD5}.MinSizeRel|Win32.Build.0 = MinSizeRel|Win32
		{1C77DD04-2607-329E-894E-A5D62FE54AD5}.RelWithDebInfo|Win32.ActiveCfg = RelWithDebInfo|Win32
		{1C77DD04-2607-329E-894E-A5D62FE54AD5}.RelWithDebInfo|Win32.Build.0 = RelWithDebInfo|Win32
		{0F5BE802-474B-3607-B132-F8EF595B2FB0}.Debug|Win32.ActiveCfg = Debug|Win32
		{0F5BE802-474B-3607-B132-F8EF595B2FB0}.Debug|Win32.Build.0 = Debug|Win32
		{0F5BE802-474B-3607-B132-F8EF595B2FB0}.Release|Win32.ActiveCfg = Release|Win32
		{0F5BE802-474B-3607-B132-F8EF595B2FB0}.Release|Win32.Build.0 = Release|Win32
		{0F5BE802-474B-3607-B132-F8EF595B2FB0}.MinSizeRel|Win32.ActiveCfg = MinSizeRel|Win32
		{0F5BE802-474B-3607-B132-F8EF595B2FB0}.MinSizeRel|Win32.Build.0 = MinSizeRel|Win32
		{0F5BE802-474B-3607-B132-F8EF595B2FB0}.RelWithDebInfo|Win32.ActiveCfg = RelWithDebInfo|Win32
		{0F5BE802-474B-3607-B132-F8EF595B2FB0}.RelWithDebInfo|Win32.Build.0 = RelWithDebInfo|Win32
		{090AA6CC-722A-32AB-A723-8BA6C7DEE745}.Debug|Win32.ActiveCfg = Debug|Win32
		{090AA6CC-722A-32AB-A723-8BA6C7DEE745}.Debug|Win32.Build.0 = Debug|Win32
		{090AA6CC-722A-32AB-A723-8BA6C7DEE745}.Release|Win32.ActiveCfg = Release|Win32
		{090AA6CC-722A-32AB-A723-8BA6C7DEE745}.Release|Win32.Build.0 = Release|Win32
		{090AA6CC-722A-32AB-A723-8BA6C7DEE745}.MinSizeRel|Win32.ActiveCfg = MinSizeRel|Win32
		{090AA6CC-722A-32AB-A723-8BA6C7DEE745}.MinSizeRel|Win32.Build.0 = MinSizeRel|Win32
		{090AA6CC-722A-32AB-A723-8BA6C7DEE745}.RelWithDebInfo|Win32.ActiveCfg = RelWithDebInfo|Win32
		{090AA6CC-722A-32AB-A723-8BA6C7DEE745}.RelWithDebInfo|Win32.Build.0 = RelWithDebInfo|Win32
		{D4B93847-8A67-3D6F-81B3-5FEC67B1DD0D}.Debug|Win32.ActiveCfg = Debug|Win32
		{D4B93847-8A67-3D6F-81B3-5FEC67B1DD0D}.Debug|Win32.Build.0 = Debug|Win32
		{D4B93847-8A67-3D6F-81B3-5FEC67B1DD0D}.Release|Win32.ActiveCfg = Release|Win32
		{D4B93847-8A67-3D6F-81B3-5FEC67B1DD0D}.Release|Win32.Build.0 = Release|Win32
		{D4B93847-8A67-3D6F-81B3-5FEC67B1DD0D}.MinSizeRel|Win32.ActiveCfg = MinSizeRel|Win32
		{D4B93847-8A67-3D6F-81B3-5FEC67B1DD0D}.MinSizeRel|Win32.Build.0 = MinSizeRel|Win32
		{D4B93847-8A67-3D6F-81B3-5FEC67B1DD0D}.RelWithDebInfo|Win32.ActiveCfg = RelWithDebInfo|Win32
		{D4B93847-8A67-3D6F-81B3-5FEC67B1DD0D}.RelWithDebInfo|Win32.Build.0 = RelWithDebInfo|Win32
	EndGlobalSection
	GlobalSection(ExtensibilityGlobals) = postSolution
	EndGlobalSection
	GlobalSection(ExtensibilityAddIns) = postSolution
	EndGlobalSection
EndGlobal
