<?xml version="1.0" encoding="UTF-8"?>
<Project ToolsVersion="4.0" xmlns="http://schemas.microsoft.com/developer/msbuild/2003">
  <ItemGroup>
    <CustomBuild Include="S:\SDK\fmt\_build\CMakeFiles\2f18796ac041a81a3ccc78a7d2c7bbe8\generate.stamp.rule">
      <Filter>CMake Rules</Filter>
    </CustomBuild>
  </ItemGroup>
  <ItemGroup>
    <Filter Include="CMake Rules">
      <UniqueIdentifier>{2B5B49AE-925A-3F97-8332-40AD8D9D5FBA}</UniqueIdentifier>
    </Filter>
  </ItemGroup>
</Project>
