<?xml version="1.0" encoding="utf-8"?>
<Project ToolsVersion="4.0" xmlns="http://schemas.microsoft.com/developer/msbuild/2003">
  <ItemGroup>
    <Filter Include="General">
      <UniqueIdentifier>{819bd39f-8d00-410d-b247-9aeeb8339f74}</UniqueIdentifier>
    </Filter>
    <Filter Include="General\Resources">
      <UniqueIdentifier>{294dbdeb-45f2-4e71-8f53-0dce269ddb0c}</UniqueIdentifier>
    </Filter>
    <Filter Include="Interfaces">
      <UniqueIdentifier>{ef4e57ee-96d5-4f3d-aa62-4c6e9991ab0f}</UniqueIdentifier>
    </Filter>
    <Filter Include="Interfaces\Sound">
      <UniqueIdentifier>{fae9b0d2-73d2-4de2-894f-e172456df6e2}</UniqueIdentifier>
    </Filter>
    <Filter Include="Interfaces\Input">
      <UniqueIdentifier>{b10a2b59-b7dc-4de7-85de-cbcc6ac9bc68}</UniqueIdentifier>
    </Filter>
    <Filter Include="Interfaces\Sheduler">
      <UniqueIdentifier>{299d5891-95a4-40d9-9800-25bdc47e0b8a}</UniqueIdentifier>
    </Filter>
    <Filter Include="Interfaces\Render">
      <UniqueIdentifier>{fb1f2ebf-cbf1-48c5-8538-334ce0421c4b}</UniqueIdentifier>
    </Filter>
    <Filter Include="Interfaces\SPATIAL">
      <UniqueIdentifier>{5b694447-47ec-4ca8-a8db-3f0e3d33e43e}</UniqueIdentifier>
    </Filter>
    <Filter Include="Interfaces\Collidable">
      <UniqueIdentifier>{daeca25f-3f9c-4767-bb76-80f7c3530807}</UniqueIdentifier>
    </Filter>
    <Filter Include="Game API">
      <UniqueIdentifier>{c997efc8-f1bb-4a29-8156-cd6733207705}</UniqueIdentifier>
    </Filter>
    <Filter Include="Game API\Objects">
      <UniqueIdentifier>{1f11028a-6657-46c5-ae8d-af844e9b5793}</UniqueIdentifier>
    </Filter>
    <Filter Include="Game API\HUD">
      <UniqueIdentifier>{19d358db-b095-4cfd-a54d-9d229abfc506}</UniqueIdentifier>
    </Filter>
    <Filter Include="Game API\Environment">
      <UniqueIdentifier>{c073ce02-1781-47f4-a7ba-be529f109899}</UniqueIdentifier>
    </Filter>
    <Filter Include="Game API\Environment\Effects">
      <UniqueIdentifier>{f29ee648-baf0-48ea-8bc0-0513ff323053}</UniqueIdentifier>
    </Filter>
    <Filter Include="Game API\Cameras">
      <UniqueIdentifier>{5cefa725-738b-40e1-95a1-37b13c578bc8}</UniqueIdentifier>
    </Filter>
    <Filter Include="Game API\Collision">
      <UniqueIdentifier>{df08f914-88d3-4c54-979b-c9ef25b0e279}</UniqueIdentifier>
    </Filter>
    <Filter Include="Game API\Animator">
      <UniqueIdentifier>{810a1a6d-ffc4-4e39-8563-19a45c16b174}</UniqueIdentifier>
    </Filter>
    <Filter Include="Game API\Feelers">
      <UniqueIdentifier>{dd3e6f65-2251-400c-b855-150a4d947af4}</UniqueIdentifier>
    </Filter>
    <Filter Include="Game API\Demo">
      <UniqueIdentifier>{d858ab43-5963-4c7a-8c8d-1ff3948706a5}</UniqueIdentifier>
    </Filter>
    <Filter Include="Render">
      <UniqueIdentifier>{1f15399c-73f3-4e9d-b085-574cf8c12301}</UniqueIdentifier>
    </Filter>
    <Filter Include="Render\Visuals">
      <UniqueIdentifier>{b35b650a-1719-4648-a3fd-e6c03e1c200a}</UniqueIdentifier>
    </Filter>
    <Filter Include="Render\Visuals\Skeleton">
      <UniqueIdentifier>{28f04ca1-6a94-4edf-b9d0-9f4460ce598c}</UniqueIdentifier>
    </Filter>
    <Filter Include="Render\Visibility">
      <UniqueIdentifier>{59568574-9dca-4b3c-80cf-26e335257d29}</UniqueIdentifier>
    </Filter>
    <Filter Include="Render\Visibility\Frustum">
      <UniqueIdentifier>{7d98f01a-0106-40a1-a449-60e2a52f6dab}</UniqueIdentifier>
    </Filter>
    <Filter Include="Render\Particle system">
      <UniqueIdentifier>{4a9f4877-20cb-441f-b1e4-5532a59df9e4}</UniqueIdentifier>
    </Filter>
    <Filter Include="Render\Lighting">
      <UniqueIdentifier>{912443ec-e294-4f45-a4d9-af585934aca4}</UniqueIdentifier>
    </Filter>
    <Filter Include="Render\Font output">
      <UniqueIdentifier>{2d49344d-cdb3-4a36-a4cc-c7df378bf3ed}</UniqueIdentifier>
    </Filter>
    <Filter Include="Render\Execution &amp; 3D">
      <UniqueIdentifier>{4a3811c3-10e0-408e-a840-a312a0c4dcb7}</UniqueIdentifier>
    </Filter>
    <Filter Include="Render\Execution &amp; 3D\HW">
      <UniqueIdentifier>{af315afe-718b-4961-98ab-58f0613cc4d5}</UniqueIdentifier>
    </Filter>
    <Filter Include="Render\Execution &amp; 3D\Gamma">
      <UniqueIdentifier>{398f844e-88e3-4e93-b56d-9f4ab2956cdc}</UniqueIdentifier>
    </Filter>
    <Filter Include="Render\Execution &amp; 3D\Shaders">
      <UniqueIdentifier>{c890ab84-2c65-4972-8e21-1ee0cc14e706}</UniqueIdentifier>
    </Filter>
    <Filter Include="Render\Execution &amp; 3D\Shaders\Blender">
      <UniqueIdentifier>{1bac83ae-c1b8-4c13-94a9-ae974f0b0dfd}</UniqueIdentifier>
    </Filter>
    <Filter Include="Render\Execution &amp; 3D\Shaders\Textures">
      <UniqueIdentifier>{77584987-6d70-4acc-8be6-a12a8b7b9132}</UniqueIdentifier>
    </Filter>
    <Filter Include="Render\Execution &amp; 3D\Shaders\ShaderManager">
      <UniqueIdentifier>{5d3da96b-5d49-4836-9df1-175aabcc1093}</UniqueIdentifier>
    </Filter>
    <Filter Include="Render\Execution &amp; 3D\Shaders\ShaderManager\doug_lea_memory_allocator">
      <UniqueIdentifier>{2c87d8c2-ede3-4435-b7c1-9eb3e0254557}</UniqueIdentifier>
    </Filter>
    <Filter Include="Render\Execution &amp; 3D\Shaders\Resources">
      <UniqueIdentifier>{a50665ed-b306-4104-8be5-943497a6f9c2}</UniqueIdentifier>
    </Filter>
    <Filter Include="Render\Execution &amp; 3D\Shaders\Resources\dx9_R_shader">
      <UniqueIdentifier>{5a67a294-62f0-4067-985e-1f1bc58061b8}</UniqueIdentifier>
    </Filter>
    <Filter Include="Render\Execution &amp; 3D\TextConsole">
      <UniqueIdentifier>{8fb16acd-613b-40b3-902e-3e10c8b6b172}</UniqueIdentifier>
    </Filter>
    <Filter Include="Render\Execution &amp; 3D\DebugDraw">
      <UniqueIdentifier>{39dac478-14fd-436c-9fb7-6f14097e58d8}</UniqueIdentifier>
    </Filter>
    <Filter Include="Render\Backend">
      <UniqueIdentifier>{a1df3c2f-ff2e-4a3b-b584-91e359f02108}</UniqueIdentifier>
    </Filter>
    <Filter Include="Engine">
      <UniqueIdentifier>{4e7b20f9-7a69-4c93-8418-2fb63aa00f20}</UniqueIdentifier>
    </Filter>
    <Filter Include="Engine\Collision Core">
      <UniqueIdentifier>{005d8c8d-3277-47a5-ab82-9576e5eceaf2}</UniqueIdentifier>
    </Filter>
    <Filter Include="Engine\Console">
      <UniqueIdentifier>{725f3b5e-13bd-41ea-bede-9fe3c0003d5d}</UniqueIdentifier>
    </Filter>
    <Filter Include="Engine\Core">
      <UniqueIdentifier>{a8a78f13-5665-42e4-8d9f-b5156d15408a}</UniqueIdentifier>
    </Filter>
    <Filter Include="Engine\Core\Scripting">
      <UniqueIdentifier>{5e5d2ed4-b8b8-400c-974d-0a66828a4a76}</UniqueIdentifier>
    </Filter>
    <Filter Include="Engine\Noise">
      <UniqueIdentifier>{cb7af14a-44a9-4659-9bb9-9110f09feca8}</UniqueIdentifier>
    </Filter>
  </ItemGroup>
  <ItemGroup>
    <ClInclude Include="_d3d_extensions.h">
      <Filter>General</Filter>
    </ClInclude>
    <ClInclude Include="CopyProtection.h">
      <Filter>General</Filter>
    </ClInclude>
    <ClInclude Include="defines.h">
      <Filter>General</Filter>
    </ClInclude>
    <ClInclude Include="stdafx.h">
      <Filter>General</Filter>
    </ClInclude>
    <ClInclude Include="trivial_encryptor.h">
      <Filter>General</Filter>
    </ClInclude>
    <ClInclude Include="x_ray.h">
      <Filter>General</Filter>
    </ClInclude>
    <ClInclude Include="resource.h">
      <Filter>General\Resources</Filter>
    </ClInclude>
    <ClInclude Include="IInputReceiver.h">
      <Filter>Interfaces\Input</Filter>
    </ClInclude>
    <ClInclude Include="xr_input.h">
      <Filter>Interfaces\Input</Filter>
    </ClInclude>
    <ClInclude Include="ISheduled.h">
      <Filter>Interfaces\Sheduler</Filter>
    </ClInclude>
    <ClInclude Include="xrSheduler.h">
      <Filter>Interfaces\Sheduler</Filter>
    </ClInclude>
    <ClInclude Include="IRenderable.h">
      <Filter>Interfaces\Render</Filter>
    </ClInclude>
    <ClInclude Include="IRenderDetailModel.h">
      <Filter>Interfaces\Render</Filter>
    </ClInclude>
    <ClInclude Include="Render.h">
      <Filter>Interfaces\Render</Filter>
    </ClInclude>
    <ClInclude Include="ISpatial.h">
      <Filter>Interfaces\SPATIAL</Filter>
    </ClInclude>
    <ClInclude Include="ICollidable.h">
      <Filter>Interfaces\Collidable</Filter>
    </ClInclude>
    <ClInclude Include="IGame_Level.h">
      <Filter>Game API</Filter>
    </ClInclude>
    <ClInclude Include="IGame_Persistent.h">
      <Filter>Game API</Filter>
    </ClInclude>
    <ClInclude Include="xrLevel.h">
      <Filter>Game API</Filter>
    </ClInclude>
    <ClInclude Include="IGame_ObjectPool.h">
      <Filter>Game API\Objects</Filter>
    </ClInclude>
    <ClInclude Include="pure_relcase.h">
      <Filter>Game API\Objects</Filter>
    </ClInclude>
    <ClInclude Include="xr_object.h">
      <Filter>Game API\Objects</Filter>
    </ClInclude>
    <ClInclude Include="xr_object_list.h">
      <Filter>Game API\Objects</Filter>
    </ClInclude>
    <ClInclude Include="CustomHUD.h">
      <Filter>Game API\HUD</Filter>
    </ClInclude>
    <ClInclude Include="Environment.h">
      <Filter>Game API\Environment</Filter>
    </ClInclude>
    <ClInclude Include="xrHemisphere.h">
      <Filter>Game API\Environment</Filter>
    </ClInclude>
    <ClInclude Include="Rain.h">
      <Filter>Game API\Environment\Effects</Filter>
    </ClInclude>
    <ClInclude Include="thunderbolt.h">
      <Filter>Game API\Environment\Effects</Filter>
    </ClInclude>
    <ClInclude Include="xr_efflensflare.h">
      <Filter>Game API\Environment\Effects</Filter>
    </ClInclude>
    <ClInclude Include="CameraBase.h">
      <Filter>Game API\Cameras</Filter>
    </ClInclude>
    <ClInclude Include="CameraDebug.h">
      <Filter>Game API\Cameras</Filter>
    </ClInclude>
    <ClInclude Include="CameraDefs.h">
      <Filter>Game API\Cameras</Filter>
    </ClInclude>
    <ClInclude Include="CameraManager.h">
      <Filter>Game API\Cameras</Filter>
    </ClInclude>
    <ClInclude Include="Effector.h">
      <Filter>Game API\Cameras</Filter>
    </ClInclude>
    <ClInclude Include="EffectorPP.h">
      <Filter>Game API\Cameras</Filter>
    </ClInclude>
    <ClInclude Include="xr_area.h">
      <Filter>Game API\Collision</Filter>
    </ClInclude>
    <ClInclude Include="xr_collide_defs.h">
      <Filter>Game API\Collision</Filter>
    </ClInclude>
    <ClInclude Include="xr_collide_form.h">
      <Filter>Game API\Collision</Filter>
    </ClInclude>
    <ClInclude Include="bone.h">
      <Filter>Game API\Animator</Filter>
    </ClInclude>
    <ClInclude Include="envelope.h">
      <Filter>Game API\Animator</Filter>
    </ClInclude>
    <ClInclude Include="motion.h">
      <Filter>Game API\Animator</Filter>
    </ClInclude>
    <ClInclude Include="ObjectAnimator.h">
      <Filter>Game API\Animator</Filter>
    </ClInclude>
    <ClInclude Include="Feel_Sound.h">
      <Filter>Game API\Feelers</Filter>
    </ClInclude>
    <ClInclude Include="Feel_Touch.h">
      <Filter>Game API\Feelers</Filter>
    </ClInclude>
    <ClInclude Include="Feel_Vision.h">
      <Filter>Game API\Feelers</Filter>
    </ClInclude>
    <ClInclude Include="FDemoPlay.h">
      <Filter>Game API\Demo</Filter>
    </ClInclude>
    <ClInclude Include="FDemoRecord.h">
      <Filter>Game API\Demo</Filter>
    </ClInclude>
    <ClInclude Include="FBasicVisual.h">
      <Filter>Render\Visuals</Filter>
    </ClInclude>
    <ClInclude Include="FHierrarhyVisual.h">
      <Filter>Render\Visuals</Filter>
    </ClInclude>
    <ClInclude Include="Fmesh.h">
      <Filter>Render\Visuals</Filter>
    </ClInclude>
    <ClInclude Include="ParticleCustom.h">
      <Filter>Render\Visuals</Filter>
    </ClInclude>
    <ClInclude Include="EnnumerateVertices.h">
      <Filter>Render\Visuals\Skeleton</Filter>
    </ClInclude>
    <ClInclude Include="SkeletonAnimated.h">
      <Filter>Render\Visuals\Skeleton</Filter>
    </ClInclude>
    <ClInclude Include="SkeletonCustom.h">
      <Filter>Render\Visuals\Skeleton</Filter>
    </ClInclude>
    <ClInclude Include="SkeletonMotions.h">
      <Filter>Render\Visuals\Skeleton</Filter>
    </ClInclude>
    <ClInclude Include="SkeletonX.h">
      <Filter>Render\Visuals\Skeleton</Filter>
    </ClInclude>
    <ClInclude Include="vis_common.h">
      <Filter>Render\Visibility</Filter>
    </ClInclude>
    <ClInclude Include="Frustum.h">
      <Filter>Render\Visibility\Frustum</Filter>
    </ClInclude>
    <ClInclude Include="PS_instance.h">
      <Filter>Render\Particle system</Filter>
    </ClInclude>
    <ClInclude Include="LightAnimLibrary.h">
      <Filter>Render\Lighting</Filter>
    </ClInclude>
    <ClInclude Include="GameFont.h">
      <Filter>Render\Font output</Filter>
    </ClInclude>
    <ClInclude Include="MbHelpers.h">
      <Filter>Render\Font output</Filter>
    </ClInclude>
    <ClInclude Include="device.h">
      <Filter>Render\Execution &amp; 3D</Filter>
    </ClInclude>
    <ClInclude Include="StatGraph.h">
      <Filter>Render\Execution &amp; 3D</Filter>
    </ClInclude>
    <ClInclude Include="Stats.h">
      <Filter>Render\Execution &amp; 3D</Filter>
    </ClInclude>
    <ClInclude Include="HW.h">
      <Filter>Render\Execution &amp; 3D\HW</Filter>
    </ClInclude>
    <ClInclude Include="HWCaps.h">
      <Filter>Render\Execution &amp; 3D\HW</Filter>
    </ClInclude>
    <ClInclude Include="xr_effgamma.h">
      <Filter>Render\Execution &amp; 3D\Gamma</Filter>
    </ClInclude>
    <ClInclude Include="Shader_xrLC.h">
      <Filter>Render\Execution &amp; 3D\Shaders</Filter>
    </ClInclude>
    <ClInclude Include="WaveForm.h">
      <Filter>Render\Execution &amp; 3D\Shaders</Filter>
    </ClInclude>
    <ClInclude Include="Blenders\Blender.h">
      <Filter>Render\Execution &amp; 3D\Shaders\Blender</Filter>
    </ClInclude>
    <ClInclude Include="Blenders\Blender_CLSID.h">
      <Filter>Render\Execution &amp; 3D\Shaders\Blender</Filter>
    </ClInclude>
    <ClInclude Include="Blenders\Blender_Recorder.h">
      <Filter>Render\Execution &amp; 3D\Shaders\Blender</Filter>
    </ClInclude>
    <ClInclude Include="tss.h">
      <Filter>Render\Execution &amp; 3D\Shaders\Blender</Filter>
    </ClInclude>
    <ClInclude Include="tss_def.h">
      <Filter>Render\Execution &amp; 3D\Shaders\Blender</Filter>
    </ClInclude>
    <ClInclude Include="tntQAVI.h">
      <Filter>Render\Execution &amp; 3D\Shaders\Textures</Filter>
    </ClInclude>
    <ClInclude Include="xrImage_Resampler.h">
      <Filter>Render\Execution &amp; 3D\Shaders\Textures</Filter>
    </ClInclude>
    <ClInclude Include="xrTheora_Stream.h">
      <Filter>Render\Execution &amp; 3D\Shaders\Textures</Filter>
    </ClInclude>
    <ClInclude Include="xrTheora_Surface.h">
      <Filter>Render\Execution &amp; 3D\Shaders\Textures</Filter>
    </ClInclude>
    <ClInclude Include="xrTheora_Surface_mmx.h">
      <Filter>Render\Execution &amp; 3D\Shaders\Textures</Filter>
    </ClInclude>
    <ClInclude Include="ETextureParams.h">
      <Filter>Render\Execution &amp; 3D\Shaders\ShaderManager</Filter>
    </ClInclude>
    <ClInclude Include="ResourceManager.h">
      <Filter>Render\Execution &amp; 3D\Shaders\ShaderManager</Filter>
    </ClInclude>
    <ClInclude Include="TextureDescrManager.h">
      <Filter>Render\Execution &amp; 3D\Shaders\ShaderManager</Filter>
    </ClInclude>
    <ClInclude Include="doug_lea_memory_allocator.h">
      <Filter>Render\Execution &amp; 3D\Shaders\ShaderManager\doug_lea_memory_allocator</Filter>
    </ClInclude>
    <ClInclude Include="r_constants.h">
      <Filter>Render\Execution &amp; 3D\Shaders\Resources</Filter>
    </ClInclude>
    <ClInclude Include="SH_Atomic.h">
      <Filter>Render\Execution &amp; 3D\Shaders\Resources</Filter>
    </ClInclude>
    <ClInclude Include="SH_Constant.h">
      <Filter>Render\Execution &amp; 3D\Shaders\Resources</Filter>
    </ClInclude>
    <ClInclude Include="SH_Matrix.h">
      <Filter>Render\Execution &amp; 3D\Shaders\Resources</Filter>
    </ClInclude>
    <ClInclude Include="SH_RT.h">
      <Filter>Render\Execution &amp; 3D\Shaders\Resources</Filter>
    </ClInclude>
    <ClInclude Include="SH_Texture.h">
      <Filter>Render\Execution &amp; 3D\Shaders\Resources</Filter>
    </ClInclude>
    <ClInclude Include="Shader.h">
      <Filter>Render\Execution &amp; 3D\Shaders\Resources</Filter>
    </ClInclude>
    <ClInclude Include="r_constants_cache.h">
      <Filter>Render\Execution &amp; 3D\Shaders\Resources\dx9_R_shader</Filter>
    </ClInclude>
    <ClInclude Include="Text_Console.h">
      <Filter>Render\Execution &amp; 3D\TextConsole</Filter>
    </ClInclude>
    <ClInclude Include="D3DUtils.h">
      <Filter>Render\Execution &amp; 3D\DebugDraw</Filter>
    </ClInclude>
    <ClInclude Include="DrawUtils.h">
      <Filter>Render\Execution &amp; 3D\DebugDraw</Filter>
    </ClInclude>
    <ClInclude Include="du_box.h">
      <Filter>Render\Execution &amp; 3D\DebugDraw</Filter>
    </ClInclude>
    <ClInclude Include="du_cone.h">
      <Filter>Render\Execution &amp; 3D\DebugDraw</Filter>
    </ClInclude>
    <ClInclude Include="du_cylinder.h">
      <Filter>Render\Execution &amp; 3D\DebugDraw</Filter>
    </ClInclude>
    <ClInclude Include="du_sphere.h">
      <Filter>Render\Execution &amp; 3D\DebugDraw</Filter>
    </ClInclude>
    <ClInclude Include="du_sphere_part.h">
      <Filter>Render\Execution &amp; 3D\DebugDraw</Filter>
    </ClInclude>
    <ClInclude Include="FVF.h">
      <Filter>Render\Backend</Filter>
    </ClInclude>
    <ClInclude Include="R_Backend.h">
      <Filter>Render\Backend</Filter>
    </ClInclude>
    <ClInclude Include="R_Backend_Runtime.h">
      <Filter>Render\Backend</Filter>
    </ClInclude>
    <ClInclude Include="R_Backend_xform.h">
      <Filter>Render\Backend</Filter>
    </ClInclude>
    <ClInclude Include="R_DStreams.h">
      <Filter>Render\Backend</Filter>
    </ClInclude>
    <ClInclude Include="Properties.h">
      <Filter>Engine</Filter>
    </ClInclude>
    <ClInclude Include="pure.h">
      <Filter>Engine</Filter>
    </ClInclude>
    <ClInclude Include="std_classes.h">
      <Filter>Engine</Filter>
    </ClInclude>
    <ClInclude Include="cl_intersect.h">
      <Filter>Engine\Collision Core</Filter>
    </ClInclude>
    <ClInclude Include="xrXRC.h">
      <Filter>Engine\Collision Core</Filter>
    </ClInclude>
    <ClInclude Include="xr_ioc_cmd.h">
      <Filter>Engine\Console</Filter>
    </ClInclude>
    <ClInclude Include="XR_IOConsole.h">
      <Filter>Engine\Console</Filter>
    </ClInclude>
    <ClInclude Include="Engine.h">
      <Filter>Engine\Core</Filter>
    </ClInclude>
    <ClInclude Include="EngineAPI.h">
      <Filter>Engine\Core</Filter>
    </ClInclude>
    <ClInclude Include="EventAPI.h">
      <Filter>Engine\Core</Filter>
    </ClInclude>
    <ClInclude Include="xrCPU_Pipe.h">
      <Filter>Engine\Core</Filter>
    </ClInclude>
    <ClInclude Include="ai_script_lua_extension.h">
      <Filter>Engine\Core\Scripting</Filter>
    </ClInclude>
    <ClInclude Include="ai_script_lua_space.h">
      <Filter>Engine\Core\Scripting</Filter>
    </ClInclude>
    <ClInclude Include="ai_script_space.h">
      <Filter>Engine\Core\Scripting</Filter>
    </ClInclude>
    <ClInclude Include="perlin.h">
      <Filter>Engine\Noise</Filter>
    </ClInclude>
  </ItemGroup>
  <ItemGroup>
    <ClCompile Include="defines.cpp">
      <Filter>General</Filter>
    </ClCompile>
    <ClCompile Include="stdafx.cpp">
      <Filter>General</Filter>
    </ClCompile>
    <ClCompile Include="x_ray.cpp">
      <Filter>General</Filter>
    </ClCompile>
    <ClCompile Include="IInputReceiver.cpp">
      <Filter>Interfaces\Input</Filter>
    </ClCompile>
    <ClCompile Include="Xr_input.cpp">
      <Filter>Interfaces\Input</Filter>
    </ClCompile>
    <ClCompile Include="ISheduled.cpp">
      <Filter>Interfaces\Sheduler</Filter>
    </ClCompile>
    <ClCompile Include="xrSheduler.cpp">
      <Filter>Interfaces\Sheduler</Filter>
    </ClCompile>
    <ClCompile Include="IRenderable.cpp">
      <Filter>Interfaces\Render</Filter>
    </ClCompile>
    <ClCompile Include="Render.cpp">
      <Filter>Interfaces\Render</Filter>
    </ClCompile>
    <ClCompile Include="ISpatial.cpp">
      <Filter>Interfaces\SPATIAL</Filter>
    </ClCompile>
    <ClCompile Include="ISpatial_q_box.cpp">
      <Filter>Interfaces\SPATIAL</Filter>
    </ClCompile>
    <ClCompile Include="ISpatial_q_frustum.cpp">
      <Filter>Interfaces\SPATIAL</Filter>
    </ClCompile>
    <ClCompile Include="ISpatial_q_ray.cpp">
      <Filter>Interfaces\SPATIAL</Filter>
    </ClCompile>
    <ClCompile Include="ISpatial_verify.cpp">
      <Filter>Interfaces\SPATIAL</Filter>
    </ClCompile>
    <ClCompile Include="ICollidable.cpp">
      <Filter>Interfaces\Collidable</Filter>
    </ClCompile>
    <ClCompile Include="IGame_Level.cpp">
      <Filter>Game API</Filter>
    </ClCompile>
    <ClCompile Include="IGame_Level_check_textures.cpp">
      <Filter>Game API</Filter>
    </ClCompile>
    <ClCompile Include="IGame_Persistent.cpp">
      <Filter>Game API</Filter>
    </ClCompile>
    <ClCompile Include="IGame_ObjectPool.cpp">
      <Filter>Game API\Objects</Filter>
    </ClCompile>
    <ClCompile Include="pure_relcase.cpp">
      <Filter>Game API\Objects</Filter>
    </ClCompile>
    <ClCompile Include="xr_object.cpp">
      <Filter>Game API\Objects</Filter>
    </ClCompile>
    <ClCompile Include="xr_object_list.cpp">
      <Filter>Game API\Objects</Filter>
    </ClCompile>
    <ClCompile Include="CustomHUD.cpp">
      <Filter>Game API\HUD</Filter>
    </ClCompile>
    <ClCompile Include="Environment.cpp">
      <Filter>Game API\Environment</Filter>
    </ClCompile>
    <ClCompile Include="Environment_misc.cpp">
      <Filter>Game API\Environment</Filter>
    </ClCompile>
    <ClCompile Include="Environment_render.cpp">
      <Filter>Game API\Environment</Filter>
    </ClCompile>
    <ClCompile Include="xrHemisphere.cpp">
      <Filter>Game API\Environment</Filter>
    </ClCompile>
    <ClCompile Include="Rain.cpp">
      <Filter>Game API\Environment\Effects</Filter>
    </ClCompile>
    <ClCompile Include="thunderbolt.cpp">
      <Filter>Game API\Environment\Effects</Filter>
    </ClCompile>
    <ClCompile Include="xr_efflensflare.cpp">
      <Filter>Game API\Environment\Effects</Filter>
    </ClCompile>
    <ClCompile Include="CameraBase.cpp">
      <Filter>Game API\Cameras</Filter>
    </ClCompile>
    <ClCompile Include="CameraManager.cpp">
      <Filter>Game API\Cameras</Filter>
    </ClCompile>
    <ClCompile Include="Effector.cpp">
      <Filter>Game API\Cameras</Filter>
    </ClCompile>
    <ClCompile Include="EffectorPP.cpp">
      <Filter>Game API\Cameras</Filter>
    </ClCompile>
    <ClCompile Include="xr_area.cpp">
      <Filter>Game API\Collision</Filter>
    </ClCompile>
    <ClCompile Include="xr_area_query.cpp">
      <Filter>Game API\Collision</Filter>
    </ClCompile>
    <ClCompile Include="xr_area_raypick.cpp">
      <Filter>Game API\Collision</Filter>
    </ClCompile>
    <ClCompile Include="xr_collide_form.cpp">
      <Filter>Game API\Collision</Filter>
    </ClCompile>
    <ClCompile Include="Envelope.cpp">
      <Filter>Game API\Animator</Filter>
    </ClCompile>
    <ClCompile Include="interp.cpp">
      <Filter>Game API\Animator</Filter>
    </ClCompile>
    <ClCompile Include="motion.cpp">
      <Filter>Game API\Animator</Filter>
    </ClCompile>
    <ClCompile Include="ObjectAnimator.cpp">
      <Filter>Game API\Animator</Filter>
    </ClCompile>
    <ClCompile Include="Feel_Touch.cpp">
      <Filter>Game API\Feelers</Filter>
    </ClCompile>
    <ClCompile Include="Feel_Vision.cpp">
      <Filter>Game API\Feelers</Filter>
    </ClCompile>
    <ClCompile Include="FDemoPlay.cpp">
      <Filter>Game API\Demo</Filter>
    </ClCompile>
    <ClCompile Include="FDemoRecord.cpp">
      <Filter>Game API\Demo</Filter>
    </ClCompile>
    <ClCompile Include="FBasicVisual.cpp">
      <Filter>Render\Visuals</Filter>
    </ClCompile>
    <ClCompile Include="FHierrarhyVisual.cpp">
      <Filter>Render\Visuals</Filter>
    </ClCompile>
    <ClCompile Include="fmesh.cpp">
      <Filter>Render\Visuals</Filter>
    </ClCompile>
    <ClCompile Include="ParticleCustom.cpp">
      <Filter>Render\Visuals</Filter>
    </ClCompile>
    <ClCompile Include="SkeletonAnimated.cpp">
      <Filter>Render\Visuals\Skeleton</Filter>
    </ClCompile>
    <ClCompile Include="SkeletonCustom.cpp">
      <Filter>Render\Visuals\Skeleton</Filter>
    </ClCompile>
    <ClCompile Include="SkeletonMotions.cpp">
      <Filter>Render\Visuals\Skeleton</Filter>
    </ClCompile>
    <ClCompile Include="SkeletonRigid.cpp">
      <Filter>Render\Visuals\Skeleton</Filter>
    </ClCompile>
    <ClCompile Include="SkeletonX.cpp">
      <Filter>Render\Visuals\Skeleton</Filter>
    </ClCompile>
    <ClCompile Include="Frustum.cpp">
      <Filter>Render\Visibility\Frustum</Filter>
    </ClCompile>
    <ClCompile Include="PS_instance.cpp">
      <Filter>Render\Particle system</Filter>
    </ClCompile>
    <ClCompile Include="LightAnimLibrary.cpp">
      <Filter>Render\Lighting</Filter>
    </ClCompile>
    <ClCompile Include="GameFont.cpp">
      <Filter>Render\Font output</Filter>
    </ClCompile>
    <ClCompile Include="MbHelpers.cpp">
      <Filter>Render\Font output</Filter>
    </ClCompile>
    <ClCompile Include="device.cpp">
      <Filter>Render\Execution &amp; 3D</Filter>
    </ClCompile>
    <ClCompile Include="Device_create.cpp">
      <Filter>Render\Execution &amp; 3D</Filter>
    </ClCompile>
    <ClCompile Include="Device_destroy.cpp">
      <Filter>Render\Execution &amp; 3D</Filter>
    </ClCompile>
    <ClCompile Include="Device_Initialize.cpp">
      <Filter>Render\Execution &amp; 3D</Filter>
    </ClCompile>
    <ClCompile Include="Device_Misc.cpp">
      <Filter>Render\Execution &amp; 3D</Filter>
    </ClCompile>
    <ClCompile Include="Device_overdraw.cpp">
      <Filter>Render\Execution &amp; 3D</Filter>
    </ClCompile>
    <ClCompile Include="Device_wndproc.cpp">
      <Filter>Render\Execution &amp; 3D</Filter>
    </ClCompile>
    <ClCompile Include="StatGraph.cpp">
      <Filter>Render\Execution &amp; 3D</Filter>
    </ClCompile>
    <ClCompile Include="Stats.cpp">
      <Filter>Render\Execution &amp; 3D</Filter>
    </ClCompile>
    <ClCompile Include="HW.cpp">
      <Filter>Render\Execution &amp; 3D\HW</Filter>
    </ClCompile>
    <ClCompile Include="HWCaps.cpp">
      <Filter>Render\Execution &amp; 3D\HW</Filter>
    </ClCompile>
    <ClCompile Include="xr_effgamma.cpp">
      <Filter>Render\Execution &amp; 3D\Gamma</Filter>
    </ClCompile>
    <ClCompile Include="Blenders\Blender.cpp">
      <Filter>Render\Execution &amp; 3D\Shaders\Blender</Filter>
    </ClCompile>
    <ClCompile Include="Blenders\Blender_Palette.cpp">
      <Filter>Render\Execution &amp; 3D\Shaders\Blender</Filter>
    </ClCompile>
    <ClCompile Include="Blenders\Blender_Recorder.cpp">
      <Filter>Render\Execution &amp; 3D\Shaders\Blender</Filter>
    </ClCompile>
    <ClCompile Include="Blender_Recorder_R2.cpp">
      <Filter>Render\Execution &amp; 3D\Shaders\Blender</Filter>
    </ClCompile>
    <ClCompile Include="Blender_Recorder_StandartBinding.cpp">
      <Filter>Render\Execution &amp; 3D\Shaders\Blender</Filter>
    </ClCompile>
    <ClCompile Include="tss_def.cpp">
      <Filter>Render\Execution &amp; 3D\Shaders\Blender</Filter>
    </ClCompile>
    <ClCompile Include="tntQAVI.cpp">
      <Filter>Render\Execution &amp; 3D\Shaders\Textures</Filter>
    </ClCompile>
    <ClCompile Include="xrImage_Resampler.cpp">
      <Filter>Render\Execution &amp; 3D\Shaders\Textures</Filter>
    </ClCompile>
    <ClCompile Include="xrTheora_Stream.cpp">
      <Filter>Render\Execution &amp; 3D\Shaders\Textures</Filter>
    </ClCompile>
    <ClCompile Include="xrTheora_Surface.cpp">
      <Filter>Render\Execution &amp; 3D\Shaders\Textures</Filter>
    </ClCompile>
    <ClCompile Include="xrTheora_Surface_mmx.cpp">
      <Filter>Render\Execution &amp; 3D\Shaders\Textures</Filter>
    </ClCompile>
    <ClCompile Include="ETextureParams.cpp">
      <Filter>Render\Execution &amp; 3D\Shaders\ShaderManager</Filter>
    </ClCompile>
    <ClCompile Include="ResourceManager.cpp">
      <Filter>Render\Execution &amp; 3D\Shaders\ShaderManager</Filter>
    </ClCompile>
    <ClCompile Include="ResourceManager_Loader.cpp">
      <Filter>Render\Execution &amp; 3D\Shaders\ShaderManager</Filter>
    </ClCompile>
    <ClCompile Include="ResourceManager_Reset.cpp">
      <Filter>Render\Execution &amp; 3D\Shaders\ShaderManager</Filter>
    </ClCompile>
    <ClCompile Include="ResourceManager_Resources.cpp">
      <Filter>Render\Execution &amp; 3D\Shaders\ShaderManager</Filter>
    </ClCompile>
    <ClCompile Include="ResourceManager_Scripting.cpp">
      <Filter>Render\Execution &amp; 3D\Shaders\ShaderManager</Filter>
    </ClCompile>
    <ClCompile Include="TextureDescrManager.cpp">
      <Filter>Render\Execution &amp; 3D\Shaders\ShaderManager</Filter>
    </ClCompile>
    <ClCompile Include="doug_lea_memory_allocator.c">
      <Filter>Render\Execution &amp; 3D\Shaders\ShaderManager\doug_lea_memory_allocator</Filter>
    </ClCompile>
    <ClCompile Include="r_constants.cpp">
      <Filter>Render\Execution &amp; 3D\Shaders\Resources</Filter>
    </ClCompile>
    <ClCompile Include="SH_Atomic.cpp">
      <Filter>Render\Execution &amp; 3D\Shaders\Resources</Filter>
    </ClCompile>
    <ClCompile Include="SH_Constant.cpp">
      <Filter>Render\Execution &amp; 3D\Shaders\Resources</Filter>
    </ClCompile>
    <ClCompile Include="SH_Matrix.cpp">
      <Filter>Render\Execution &amp; 3D\Shaders\Resources</Filter>
    </ClCompile>
    <ClCompile Include="SH_RT.cpp">
      <Filter>Render\Execution &amp; 3D\Shaders\Resources</Filter>
    </ClCompile>
    <ClCompile Include="SH_Texture.cpp">
      <Filter>Render\Execution &amp; 3D\Shaders\Resources</Filter>
    </ClCompile>
    <ClCompile Include="Shader.cpp">
      <Filter>Render\Execution &amp; 3D\Shaders\Resources</Filter>
    </ClCompile>
    <ClCompile Include="r_constants_cache.cpp">
      <Filter>Render\Execution &amp; 3D\Shaders\Resources\dx9_R_shader</Filter>
    </ClCompile>
    <ClCompile Include="Text_Console.cpp">
      <Filter>Render\Execution &amp; 3D\TextConsole</Filter>
    </ClCompile>
    <ClCompile Include="Text_Console_WndProc.cpp">
      <Filter>Render\Execution &amp; 3D\TextConsole</Filter>
    </ClCompile>
    <ClCompile Include="D3DUtils.cpp">
      <Filter>Render\Execution &amp; 3D\DebugDraw</Filter>
    </ClCompile>
    <ClCompile Include="du_box.cpp">
      <Filter>Render\Execution &amp; 3D\DebugDraw</Filter>
    </ClCompile>
    <ClCompile Include="du_cone.cpp">
      <Filter>Render\Execution &amp; 3D\DebugDraw</Filter>
    </ClCompile>
    <ClCompile Include="du_cylinder.cpp">
      <Filter>Render\Execution &amp; 3D\DebugDraw</Filter>
    </ClCompile>
    <ClCompile Include="du_sphere.cpp">
      <Filter>Render\Execution &amp; 3D\DebugDraw</Filter>
    </ClCompile>
    <ClCompile Include="du_sphere_part.cpp">
      <Filter>Render\Execution &amp; 3D\DebugDraw</Filter>
    </ClCompile>
    <ClCompile Include="R_Backend.cpp">
      <Filter>Render\Backend</Filter>
    </ClCompile>
    <ClCompile Include="R_Backend_DBG.cpp">
      <Filter>Render\Backend</Filter>
    </ClCompile>
    <ClCompile Include="R_Backend_Runtime.cpp">
      <Filter>Render\Backend</Filter>
    </ClCompile>
    <ClCompile Include="R_Backend_xform.cpp">
      <Filter>Render\Backend</Filter>
    </ClCompile>
    <ClCompile Include="R_DStreams.cpp">
      <Filter>Render\Backend</Filter>
    </ClCompile>
    <ClCompile Include="pure.cpp">
      <Filter>Engine</Filter>
    </ClCompile>
    <ClCompile Include="xrXRC.cpp">
      <Filter>Engine\Collision Core</Filter>
    </ClCompile>
    <ClCompile Include="xr_ioc_cmd.cpp">
      <Filter>Engine\Console</Filter>
    </ClCompile>
    <ClCompile Include="XR_IOConsole.cpp">
      <Filter>Engine\Console</Filter>
    </ClCompile>
    <ClCompile Include="Engine.cpp">
      <Filter>Engine\Core</Filter>
    </ClCompile>
    <ClCompile Include="EngineAPI.cpp">
      <Filter>Engine\Core</Filter>
    </ClCompile>
    <ClCompile Include="EventAPI.cpp">
      <Filter>Engine\Core</Filter>
    </ClCompile>
    <ClCompile Include="mailSlot.cpp">
      <Filter>Engine\Core</Filter>
    </ClCompile>
    <ClCompile Include="_scripting.cpp">
      <Filter>Engine\Core\Scripting</Filter>
    </ClCompile>
    <ClCompile Include="ai_script_lua_debug.cpp">
      <Filter>Engine\Core\Scripting</Filter>
    </ClCompile>
    <ClCompile Include="ai_script_lua_extension.cpp">
      <Filter>Engine\Core\Scripting</Filter>
    </ClCompile>
    <ClCompile Include="perlin.cpp">
      <Filter>Engine\Noise</Filter>
    </ClCompile>
  </ItemGroup>
  <ItemGroup>
    <Resource Include="OutOfVirtError.RES">
      <Filter>General\Resources</Filter>
    </Resource>
  </ItemGroup>
  <ItemGroup>
    <ResourceCompile Include="resource.rc">
      <Filter>General\Resources</Filter>
    </ResourceCompile>
  </ItemGroup>
  <ItemGroup>
    <Image Include="stalker.ico">
      <Filter>General\Resources</Filter>
    </Image>
    <Image Include="ui_splash3.bmp">
      <Filter>General\Resources</Filter>
    </Image>
    <Image Include="op_load_screen_cl.bmp">
      <Filter>General\Resources</Filter>
    </Image>
    <Image Include="op_load_screen_ne.bmp">
      <Filter>General\Resources</Filter>
    </Image>
  </ItemGroup>
  <ItemGroup>
    <Text Include="ClientServer.txt" />
    <Text Include="Effects description.txt" />
    <Text Include="features.txt" />
    <Text Include="TODO.txt" />
  </ItemGroup>
</Project>