<?xml version="1.0" encoding="utf-8"?>
<Project ToolsVersion="4.0" xmlns="http://schemas.microsoft.com/developer/msbuild/2003">
  <ItemGroup>
    <Filter Include="Kernel">
      <UniqueIdentifier>{26befa3b-d607-4c39-a28a-1b7a1a85acde}</UniqueIdentifier>
    </Filter>
    <Filter Include="3DNow!">
      <UniqueIdentifier>{ecc580d0-86a0-4e09-ac41-f5343acb586c}</UniqueIdentifier>
    </Filter>
    <Filter Include="SSE">
      <UniqueIdentifier>{efd6bad8-1ec2-4bd8-a159-55fee7f97a92}</UniqueIdentifier>
    </Filter>
    <Filter Include="Generic x86">
      <UniqueIdentifier>{b8a69790-f55c-4846-87a0-4faf01f1f94b}</UniqueIdentifier>
    </Filter>
  </ItemGroup>
  <ItemGroup>
    <ClCompile Include="StdAfx.cpp">
      <Filter>Kernel</Filter>
    </ClCompile>
    <ClCompile Include="xrCPU_Pipe.cpp">
      <Filter>Kernel</Filter>
    </ClCompile>
    <ClCompile Include="3DNow!Lib.cpp">
      <Filter>3DNow!</Filter>
    </ClCompile>
    <ClCompile Include="xrBoneLerp_3DNow!.cpp">
      <Filter>3DNow!</Filter>
    </ClCompile>
    <ClCompile Include="xrM44mul_3DNow!.cpp">
      <Filter>3DNow!</Filter>
    </ClCompile>
    <ClCompile Include="xrMemCopy8_3DNow!.cpp">
      <Filter>3DNow!</Filter>
    </ClCompile>
    <ClCompile Include="xrMemFill32_3DNow!.cpp">
      <Filter>3DNow!</Filter>
    </ClCompile>
    <ClCompile Include="xrSkin1W_3DNow!.cpp">
      <Filter>3DNow!</Filter>
    </ClCompile>
    <ClCompile Include="xrSkin2W_3DNow!.cpp">
      <Filter>3DNow!</Filter>
    </ClCompile>
    <ClCompile Include="xrSkin1W_SSE.cpp">
      <Filter>SSE</Filter>
    </ClCompile>
    <ClCompile Include="xrSkin2W_SSE.cpp">
      <Filter>SSE</Filter>
    </ClCompile>
    <ClCompile Include="xrBoneLerp.cpp">
      <Filter>Generic x86</Filter>
    </ClCompile>
    <ClCompile Include="xrM44mul.cpp">
      <Filter>Generic x86</Filter>
    </ClCompile>
    <ClCompile Include="xrQuatSlerp.cpp">
      <Filter>Generic x86</Filter>
    </ClCompile>
    <ClCompile Include="xrSkin1W.cpp">
      <Filter>Generic x86</Filter>
    </ClCompile>
    <ClCompile Include="xrSkin2W.cpp">
      <Filter>Generic x86</Filter>
    </ClCompile>
    <ClCompile Include="xrTransfer.cpp">
      <Filter>Generic x86</Filter>
    </ClCompile>
  </ItemGroup>
  <ItemGroup>
    <ClInclude Include="StdAfx.h">
      <Filter>Kernel</Filter>
    </ClInclude>
    <ClInclude Include="xrCPU_Pipe.h">
      <Filter>Kernel</Filter>
    </ClInclude>
  </ItemGroup>
</Project>